// !$*UTF8*$!
{
	archiveVersion = 1;
	classes = {
	};
	objectVersion = 56;
	objects = {

/* Begin PBXBuildFile section */
		B709D4FD2BC03B5B00EBB5EB /* DataManager.swift in Sources */ = {isa = PBXBuildFile; fileRef = B709D4FC2BC03B5B00EBB5EB /* DataManager.swift */; };
		B709D4FE2BC03B5B00EBB5EB /* DataManager.swift in Sources */ = {isa = PBXBuildFile; fileRef = B709D4FC2BC03B5B00EBB5EB /* DataManager.swift */; };
		B709D5002BC17FF900EBB5EB /* AppDelegate.swift in Sources */ = {isa = PBXBuildFile; fileRef = B709D4FF2BC17FF900EBB5EB /* AppDelegate.swift */; };
		B709D5022BC180E000EBB5EB /* NotificationHandler.swift in Sources */ = {isa = PBXBuildFile; fileRef = B709D5012BC180E000EBB5EB /* NotificationHandler.swift */; };
		B709D5042BC1817600EBB5EB /* NotificationViewModifier.swift in Sources */ = {isa = PBXBuildFile; fileRef = B709D5032BC1817600EBB5EB /* NotificationViewModifier.swift */; };
		B70D06E02B9FEB3C004E9092 /* PassStatus.swift in Sources */ = {isa = PBXBuildFile; fileRef = B70D06DF2B9FEB3C004E9092 /* PassStatus.swift */; };
		B70D06E82B9FF1AF004E9092 /* SubscriptionShopView.swift in Sources */ = {isa = PBXBuildFile; fileRef = B70D06E72B9FF1AF004E9092 /* SubscriptionShopView.swift */; };
		B70D06EA2B9FF654004E9092 /* PassManager.swift in Sources */ = {isa = PBXBuildFile; fileRef = B70D06E92B9FF654004E9092 /* PassManager.swift */; };
		B71262C02B66A049009185EE /* LensSortOrder.swift in Sources */ = {isa = PBXBuildFile; fileRef = B71262BF2B66A049009185EE /* LensSortOrder.swift */; };
		B71524302B97D329005E7A88 /* LensNameFormView.swift in Sources */ = {isa = PBXBuildFile; fileRef = B715242F2B97D329005E7A88 /* LensNameFormView.swift */; };
		B71524342B97E3C1005E7A88 /* BlankView.swift in Sources */ = {isa = PBXBuildFile; fileRef = B71524332B97E3C1005E7A88 /* BlankView.swift */; };
		B718E2A32C38628E00862C31 /* PrivacyInfo.xcprivacy in Resources */ = {isa = PBXBuildFile; fileRef = B718E2A22C38628E00862C31 /* PrivacyInfo.xcprivacy */; };
		B73392362BC321EF0011C8D5 /* ProgressRingView.swift in Sources */ = {isa = PBXBuildFile; fileRef = B73392352BC321EF0011C8D5 /* ProgressRingView.swift */; };
		B73392372BC32B180011C8D5 /* ProgressRingView.swift in Sources */ = {isa = PBXBuildFile; fileRef = B73392352BC321EF0011C8D5 /* ProgressRingView.swift */; };
		B7390C5C2BD5F19700D2202D /* PassStatus.swift in Sources */ = {isa = PBXBuildFile; fileRef = B70D06DF2B9FEB3C004E9092 /* PassStatus.swift */; };
		B7390C5D2BD5F1BB00D2202D /* PassManager.swift in Sources */ = {isa = PBXBuildFile; fileRef = B70D06E92B9FF654004E9092 /* PassManager.swift */; };
		B7390C5E2BD5F1E700D2202D /* PassIdentifiers.swift in Sources */ = {isa = PBXBuildFile; fileRef = B7580F572BA6A5200058F540 /* PassIdentifiers.swift */; };
		B7390C5F2BD5F23A00D2202D /* NotificationManager.swift in Sources */ = {isa = PBXBuildFile; fileRef = B760DC582B95646500C2C025 /* NotificationManager.swift */; };
		B7390C602BD5F26100D2202D /* NotificationGrantedKey.swift in Sources */ = {isa = PBXBuildFile; fileRef = B761D57F2BA80FA100CEE24A /* NotificationGrantedKey.swift */; };
		B7390C612BD5F32E00D2202D /* AppStorageKeys.swift in Sources */ = {isa = PBXBuildFile; fileRef = B7E3941A2B990C2900113138 /* AppStorageKeys.swift */; };
		B7390C632BE175FF00D2202D /* LensHistoryView.swift in Sources */ = {isa = PBXBuildFile; fileRef = B7390C622BE175FF00D2202D /* LensHistoryView.swift */; };
		B7390C652BEBB13800D2202D /* LensUsage.swift in Sources */ = {isa = PBXBuildFile; fileRef = B7390C642BEBB13800D2202D /* LensUsage.swift */; };
		B7390C672BEBED2300D2202D /* Collection+groupedByMonth.swift in Sources */ = {isa = PBXBuildFile; fileRef = B7390C662BEBED2300D2202D /* Collection+groupedByMonth.swift */; };
		B73FA0532B5BC20600BCD9A4 /* LensDetailView.swift in Sources */ = {isa = PBXBuildFile; fileRef = B73FA0522B5BC20600BCD9A4 /* LensDetailView.swift */; };
		B74FA83A2B5A84F1001E896F /* LensCarouselView.swift in Sources */ = {isa = PBXBuildFile; fileRef = B74FA8392B5A84F1001E896F /* LensCarouselView.swift */; };
		B74FA83C2B5A946C001E896F /* Bool+Comparable.swift in Sources */ = {isa = PBXBuildFile; fileRef = B74FA83B2B5A946C001E896F /* Bool+Comparable.swift */; };
		B7580F562BA6A34B0058F540 /* RestorePurchasesButton.swift in Sources */ = {isa = PBXBuildFile; fileRef = B7580F552BA6A34B0058F540 /* RestorePurchasesButton.swift */; };
		B7580F582BA6A5200058F540 /* PassIdentifiers.swift in Sources */ = {isa = PBXBuildFile; fileRef = B7580F572BA6A5200058F540 /* PassIdentifiers.swift */; };
		B7580F5A2BA6ADF80058F540 /* SubscriptionShopViewModifier.swift in Sources */ = {isa = PBXBuildFile; fileRef = B7580F592BA6ADF80058F540 /* SubscriptionShopViewModifier.swift */; };
		B760DC4F2B88CCC000C2C025 /* LensDashboardViewModel.swift in Sources */ = {isa = PBXBuildFile; fileRef = B760DC4E2B88CCC000C2C025 /* LensDashboardViewModel.swift */; };
		B760DC592B95646500C2C025 /* NotificationManager.swift in Sources */ = {isa = PBXBuildFile; fileRef = B760DC582B95646500C2C025 /* NotificationManager.swift */; };
		B760DC5D2B959BAB00C2C025 /* AppAppearance.swift in Sources */ = {isa = PBXBuildFile; fileRef = B760DC5C2B959BAB00C2C025 /* AppAppearance.swift */; };
		B7616D352BB2EF20000FA37A /* AppConstants.swift in Sources */ = {isa = PBXBuildFile; fileRef = B7616D342BB2EF20000FA37A /* AppConstants.swift */; };
		B761D5802BA80FA100CEE24A /* NotificationGrantedKey.swift in Sources */ = {isa = PBXBuildFile; fileRef = B761D57F2BA80FA100CEE24A /* NotificationGrantedKey.swift */; };
		B761D5822BA810F300CEE24A /* NotificationTaskModifier.swift in Sources */ = {isa = PBXBuildFile; fileRef = B761D5812BA810F300CEE24A /* NotificationTaskModifier.swift */; };
		B761D5862BA8339E00CEE24A /* GetPlusButton.swift in Sources */ = {isa = PBXBuildFile; fileRef = B761D5852BA8339E00CEE24A /* GetPlusButton.swift */; };
		B761D5882BA834CB00CEE24A /* AvailableOnPlus.swift in Sources */ = {isa = PBXBuildFile; fileRef = B761D5872BA834CB00CEE24A /* AvailableOnPlus.swift */; };
		B764A5112BA89CF00097C263 /* AddNewTip.swift in Sources */ = {isa = PBXBuildFile; fileRef = B764A5102BA89CF00097C263 /* AddNewTip.swift */; };
		B764A5132BA8AE950097C263 /* NotificationWarningTip.swift in Sources */ = {isa = PBXBuildFile; fileRef = B764A5122BA8AE950097C263 /* NotificationWarningTip.swift */; };
		B76553502BA96AEF0045BF93 /* BrandNameTip.swift in Sources */ = {isa = PBXBuildFile; fileRef = B765534F2BA96AEF0045BF93 /* BrandNameTip.swift */; };
		B76553522BA96D7C0045BF93 /* InitialDateTip.swift in Sources */ = {isa = PBXBuildFile; fileRef = B76553512BA96D7C0045BF93 /* InitialDateTip.swift */; };
		B76553542BA99EDD0045BF93 /* Binding+OptionalChaining.swift in Sources */ = {isa = PBXBuildFile; fileRef = B76553532BA99EDD0045BF93 /* Binding+OptionalChaining.swift */; };
		B76553562BA9B4D30045BF93 /* ReminderDaysTip.swift in Sources */ = {isa = PBXBuildFile; fileRef = B76553552BA9B4D30045BF93 /* ReminderDaysTip.swift */; };
		B76564FE2BAEB4F600671713 /* NavigationContext.swift in Sources */ = {isa = PBXBuildFile; fileRef = B76564FD2BAEB4F600671713 /* NavigationContext.swift */; };
		B76565002BAEB57300671713 /* ContentView.swift in Sources */ = {isa = PBXBuildFile; fileRef = B76564FF2BAEB57300671713 /* ContentView.swift */; };
		B78692D32BBBFA7200417E68 /* WidgetKit.framework in Frameworks */ = {isa = PBXBuildFile; fileRef = B78692D22BBBFA7200417E68 /* WidgetKit.framework */; };
		B78692D42BBBFA7200417E68 /* SwiftUI.framework in Frameworks */ = {isa = PBXBuildFile; fileRef = B764EC592B73DC810024A166 /* SwiftUI.framework */; };
		B78692D72BBBFA7200417E68 /* EyeEaseWidgetBundle.swift in Sources */ = {isa = PBXBuildFile; fileRef = B78692D62BBBFA7200417E68 /* EyeEaseWidgetBundle.swift */; };
		B78692D92BBBFA7200417E68 /* EyeEaseWidget.swift in Sources */ = {isa = PBXBuildFile; fileRef = B78692D82BBBFA7200417E68 /* EyeEaseWidget.swift */; };
		B78692DB2BBBFA7300417E68 /* Assets.xcassets in Resources */ = {isa = PBXBuildFile; fileRef = B78692DA2BBBFA7300417E68 /* Assets.xcassets */; };
		B78692DF2BBBFA7300417E68 /* EyeEaseWidgetExtension.appex in Embed Foundation Extensions */ = {isa = PBXBuildFile; fileRef = B78692D12BBBFA7200417E68 /* EyeEaseWidgetExtension.appex */; settings = {ATTRIBUTES = (RemoveHeadersOnCopy, ); }; };
		B78692E32BBBFD5800417E68 /* LensTrackingTimelineView.swift in Sources */ = {isa = PBXBuildFile; fileRef = B7E32DA32B2629A800CA0729 /* LensTrackingTimelineView.swift */; };
		B78692E42BBBFD5E00417E68 /* CircleProgressView.swift in Sources */ = {isa = PBXBuildFile; fileRef = B7E075502B1CE214001ABFE4 /* CircleProgressView.swift */; };
		B78692E52BBBFD6F00417E68 /* Date+formatDate.swift in Sources */ = {isa = PBXBuildFile; fileRef = B7E394142B98A94000113138 /* Date+formatDate.swift */; };
		B78692E62BBBFD7900417E68 /* SampleData.swift in Sources */ = {isa = PBXBuildFile; fileRef = B7E32DA12B2605AD00CA0729 /* SampleData.swift */; };
		B78692E72BBBFD8B00417E68 /* LensItem.swift in Sources */ = {isa = PBXBuildFile; fileRef = B7C08EBF2B1CB73C00DD0BE2 /* LensItem.swift */; };
		B78692E82BBBFD9100417E68 /* WearDuration.swift in Sources */ = {isa = PBXBuildFile; fileRef = B7E32D8C2B2521DC00CA0729 /* WearDuration.swift */; };
		B78692E92BBBFD9500417E68 /* EyeSide.swift in Sources */ = {isa = PBXBuildFile; fileRef = B7E32D8A2B2521B700CA0729 /* EyeSide.swift */; };
		B78692EA2BBBFD9C00417E68 /* Sphere.swift in Sources */ = {isa = PBXBuildFile; fileRef = B7BF52822B86721F00FE0162 /* Sphere.swift */; };
		B78692EB2BBBFDA500417E68 /* LensDetail.swift in Sources */ = {isa = PBXBuildFile; fileRef = B7BF52802B86720500FE0162 /* LensDetail.swift */; };
		B78692ED2BBD7E7100417E68 /* EyeEaseWidgetIntent.swift in Sources */ = {isa = PBXBuildFile; fileRef = B78692EC2BBD7E7100417E68 /* EyeEaseWidgetIntent.swift */; };
		B78692F12BBD830E00417E68 /* EyeEaseWidgetView.swift in Sources */ = {isa = PBXBuildFile; fileRef = B78692F02BBD830E00417E68 /* EyeEaseWidgetView.swift */; };
		B78692F22BBD830E00417E68 /* EyeEaseWidgetView.swift in Sources */ = {isa = PBXBuildFile; fileRef = B78692F02BBD830E00417E68 /* EyeEaseWidgetView.swift */; };
		B78692F32BBDEFC300417E68 /* EyeEaseWidgetIntent.swift in Sources */ = {isa = PBXBuildFile; fileRef = B78692EC2BBD7E7100417E68 /* EyeEaseWidgetIntent.swift */; };
		B78692F52BBF42AD00417E68 /* EyeEaseTimelineProvider.swift in Sources */ = {isa = PBXBuildFile; fileRef = B78692F42BBF42A800417E68 /* EyeEaseTimelineProvider.swift */; };
		B78692F62BBF42AE00417E68 /* EyeEaseTimelineProvider.swift in Sources */ = {isa = PBXBuildFile; fileRef = B78692F42BBF42A800417E68 /* EyeEaseTimelineProvider.swift */; };
		B7BF527D2B865D7600FE0162 /* EE-Tracker-Info.plist in Resources */ = {isa = PBXBuildFile; fileRef = B7FC523F2B366E32009BA759 /* EE-Tracker-Info.plist */; };
		B7BF527F2B865E6200FE0162 /* LensFormViewModel.swift in Sources */ = {isa = PBXBuildFile; fileRef = B7BF527E2B865E6200FE0162 /* LensFormViewModel.swift */; };
		B7BF52812B86720500FE0162 /* LensDetail.swift in Sources */ = {isa = PBXBuildFile; fileRef = B7BF52802B86720500FE0162 /* LensDetail.swift */; };
		B7BF52832B86721F00FE0162 /* Sphere.swift in Sources */ = {isa = PBXBuildFile; fileRef = B7BF52822B86721F00FE0162 /* Sphere.swift */; };
		B7C08EAF2B1CAAB600DD0BE2 /* EE_TrackerApp.swift in Sources */ = {isa = PBXBuildFile; fileRef = B7C08EAE2B1CAAB600DD0BE2 /* EE_TrackerApp.swift */; };
		B7C08EB12B1CAAB600DD0BE2 /* LensDashboardView.swift in Sources */ = {isa = PBXBuildFile; fileRef = B7C08EB02B1CAAB600DD0BE2 /* LensDashboardView.swift */; };
		B7C08EB52B1CAABA00DD0BE2 /* Assets.xcassets in Resources */ = {isa = PBXBuildFile; fileRef = B7C08EB42B1CAABA00DD0BE2 /* Assets.xcassets */; };
		B7C08EB82B1CAABA00DD0BE2 /* Preview Assets.xcassets in Resources */ = {isa = PBXBuildFile; fileRef = B7C08EB72B1CAABA00DD0BE2 /* Preview Assets.xcassets */; };
		B7C08EC02B1CB73C00DD0BE2 /* LensItem.swift in Sources */ = {isa = PBXBuildFile; fileRef = B7C08EBF2B1CB73C00DD0BE2 /* LensItem.swift */; };
		B7E075512B1CE214001ABFE4 /* CircleProgressView.swift in Sources */ = {isa = PBXBuildFile; fileRef = B7E075502B1CE214001ABFE4 /* CircleProgressView.swift */; };
		B7E075532B1D0FF2001ABFE4 /* SettingsView.swift in Sources */ = {isa = PBXBuildFile; fileRef = B7E075522B1D0FF2001ABFE4 /* SettingsView.swift */; };
		B7E32D812B2119CD00CA0729 /* LensTrackingView.swift in Sources */ = {isa = PBXBuildFile; fileRef = B7E32D802B2119CD00CA0729 /* LensTrackingView.swift */; };
		B7E32D832B21219C00CA0729 /* LensFormView.swift in Sources */ = {isa = PBXBuildFile; fileRef = B7E32D822B21219B00CA0729 /* LensFormView.swift */; };
		B7E32D892B2519E300CA0729 /* DataSourceModel.swift in Sources */ = {isa = PBXBuildFile; fileRef = B7E32D882B2519E200CA0729 /* DataSourceModel.swift */; };
		B7E32D8B2B2521B700CA0729 /* EyeSide.swift in Sources */ = {isa = PBXBuildFile; fileRef = B7E32D8A2B2521B700CA0729 /* EyeSide.swift */; };
		B7E32D8D2B2521DC00CA0729 /* WearDuration.swift in Sources */ = {isa = PBXBuildFile; fileRef = B7E32D8C2B2521DC00CA0729 /* WearDuration.swift */; };
		B7E32DA02B26058500CA0729 /* PreviewSampleData.swift in Sources */ = {isa = PBXBuildFile; fileRef = B7E32D9F2B26058500CA0729 /* PreviewSampleData.swift */; };
		B7E32DA22B2605AD00CA0729 /* SampleData.swift in Sources */ = {isa = PBXBuildFile; fileRef = B7E32DA12B2605AD00CA0729 /* SampleData.swift */; };
		B7E32DA42B2629A800CA0729 /* LensTrackingTimelineView.swift in Sources */ = {isa = PBXBuildFile; fileRef = B7E32DA32B2629A800CA0729 /* LensTrackingTimelineView.swift */; };
		B7E32DC22B26523D00CA0729 /* AppVersionProvider.swift in Sources */ = {isa = PBXBuildFile; fileRef = B7E32DC12B26523D00CA0729 /* AppVersionProvider.swift */; };
		B7E394152B98A94000113138 /* Date+formatDate.swift in Sources */ = {isa = PBXBuildFile; fileRef = B7E394142B98A94000113138 /* Date+formatDate.swift */; };
		B7E394172B98FFC900113138 /* CustomTimelineSchedules.swift in Sources */ = {isa = PBXBuildFile; fileRef = B7E394162B98FFC900113138 /* CustomTimelineSchedules.swift */; };
		B7E3941B2B990C2900113138 /* AppStorageKeys.swift in Sources */ = {isa = PBXBuildFile; fileRef = B7E3941A2B990C2900113138 /* AppStorageKeys.swift */; };
		B7F492082C3282F600CD2A53 /* GoogleService-Info.plist in Resources */ = {isa = PBXBuildFile; fileRef = B7F492072C3282F600CD2A53 /* GoogleService-Info.plist */; };
		B7F4920B2C32839E00CD2A53 /* FirebaseCrashlytics in Frameworks */ = {isa = PBXBuildFile; productRef = B7F4920A2C32839E00CD2A53 /* FirebaseCrashlytics */; };
		B7F555862BA160550069D38E /* PreferenceKeys.swift in Sources */ = {isa = PBXBuildFile; fileRef = B7F555852BA160550069D38E /* PreferenceKeys.swift */; };
		B7FC52412B36713D009BA759 /* Launch Screen.storyboard in Resources */ = {isa = PBXBuildFile; fileRef = B7FC52402B36713D009BA759 /* Launch Screen.storyboard */; };
/* End PBXBuildFile section */

/* Begin PBXContainerItemProxy section */
		B78692DD2BBBFA7300417E68 /* PBXContainerItemProxy */ = {
			isa = PBXContainerItemProxy;
			containerPortal = B7C08EA32B1CAAB500DD0BE2 /* Project object */;
			proxyType = 1;
			remoteGlobalIDString = B78692D02BBBFA7200417E68;
			remoteInfo = EyeEaseWidgetExtension;
		};
/* End PBXContainerItemProxy section */

/* Begin PBXCopyFilesBuildPhase section */
		B764EC662B73DC850024A166 /* Embed Foundation Extensions */ = {
			isa = PBXCopyFilesBuildPhase;
			buildActionMask = 2147483647;
			dstPath = "";
			dstSubfolderSpec = 13;
			files = (
				B78692DF2BBBFA7300417E68 /* EyeEaseWidgetExtension.appex in Embed Foundation Extensions */,
			);
			name = "Embed Foundation Extensions";
			runOnlyForDeploymentPostprocessing = 0;
		};
/* End PBXCopyFilesBuildPhase section */

/* Begin PBXFileReference section */
		B709D4FC2BC03B5B00EBB5EB /* DataManager.swift */ = {isa = PBXFileReference; lastKnownFileType = sourcecode.swift; path = DataManager.swift; sourceTree = "<group>"; };
		B709D4FF2BC17FF900EBB5EB /* AppDelegate.swift */ = {isa = PBXFileReference; lastKnownFileType = sourcecode.swift; path = AppDelegate.swift; sourceTree = "<group>"; };
		B709D5012BC180E000EBB5EB /* NotificationHandler.swift */ = {isa = PBXFileReference; lastKnownFileType = sourcecode.swift; path = NotificationHandler.swift; sourceTree = "<group>"; };
		B709D5032BC1817600EBB5EB /* NotificationViewModifier.swift */ = {isa = PBXFileReference; lastKnownFileType = sourcecode.swift; path = NotificationViewModifier.swift; sourceTree = "<group>"; };
		B70D06DA2B9E2091004E9092 /* EE TrackerDebug.entitlements */ = {isa = PBXFileReference; lastKnownFileType = text.plist.entitlements; path = "EE TrackerDebug.entitlements"; sourceTree = "<group>"; };
		B70D06DF2B9FEB3C004E9092 /* PassStatus.swift */ = {isa = PBXFileReference; lastKnownFileType = sourcecode.swift; path = PassStatus.swift; sourceTree = "<group>"; };
		B70D06E72B9FF1AF004E9092 /* SubscriptionShopView.swift */ = {isa = PBXFileReference; lastKnownFileType = sourcecode.swift; path = SubscriptionShopView.swift; sourceTree = "<group>"; };
		B70D06E92B9FF654004E9092 /* PassManager.swift */ = {isa = PBXFileReference; lastKnownFileType = sourcecode.swift; path = PassManager.swift; sourceTree = "<group>"; };
		B71262BF2B66A049009185EE /* LensSortOrder.swift */ = {isa = PBXFileReference; lastKnownFileType = sourcecode.swift; path = LensSortOrder.swift; sourceTree = "<group>"; };
		B715242F2B97D329005E7A88 /* LensNameFormView.swift */ = {isa = PBXFileReference; lastKnownFileType = sourcecode.swift; path = LensNameFormView.swift; sourceTree = "<group>"; };
		B71524332B97E3C1005E7A88 /* BlankView.swift */ = {isa = PBXFileReference; lastKnownFileType = sourcecode.swift; path = BlankView.swift; sourceTree = "<group>"; };
		B718E2A22C38628E00862C31 /* PrivacyInfo.xcprivacy */ = {isa = PBXFileReference; fileEncoding = 4; lastKnownFileType = text.xml; path = PrivacyInfo.xcprivacy; sourceTree = "<group>"; };
		B73392352BC321EF0011C8D5 /* ProgressRingView.swift */ = {isa = PBXFileReference; lastKnownFileType = sourcecode.swift; path = ProgressRingView.swift; sourceTree = "<group>"; };
		B7390C622BE175FF00D2202D /* LensHistoryView.swift */ = {isa = PBXFileReference; lastKnownFileType = sourcecode.swift; path = LensHistoryView.swift; sourceTree = "<group>"; };
		B7390C642BEBB13800D2202D /* LensUsage.swift */ = {isa = PBXFileReference; lastKnownFileType = sourcecode.swift; path = LensUsage.swift; sourceTree = "<group>"; };
		B7390C662BEBED2300D2202D /* Collection+groupedByMonth.swift */ = {isa = PBXFileReference; lastKnownFileType = sourcecode.swift; path = "Collection+groupedByMonth.swift"; sourceTree = "<group>"; };
		B73FA0522B5BC20600BCD9A4 /* LensDetailView.swift */ = {isa = PBXFileReference; lastKnownFileType = sourcecode.swift; path = LensDetailView.swift; sourceTree = "<group>"; };
		B74FA8392B5A84F1001E896F /* LensCarouselView.swift */ = {isa = PBXFileReference; lastKnownFileType = sourcecode.swift; path = LensCarouselView.swift; sourceTree = "<group>"; };
		B74FA83B2B5A946C001E896F /* Bool+Comparable.swift */ = {isa = PBXFileReference; lastKnownFileType = sourcecode.swift; path = "Bool+Comparable.swift"; sourceTree = "<group>"; };
		B7580F552BA6A34B0058F540 /* RestorePurchasesButton.swift */ = {isa = PBXFileReference; lastKnownFileType = sourcecode.swift; path = RestorePurchasesButton.swift; sourceTree = "<group>"; };
		B7580F572BA6A5200058F540 /* PassIdentifiers.swift */ = {isa = PBXFileReference; lastKnownFileType = sourcecode.swift; path = PassIdentifiers.swift; sourceTree = "<group>"; };
		B7580F592BA6ADF80058F540 /* SubscriptionShopViewModifier.swift */ = {isa = PBXFileReference; lastKnownFileType = sourcecode.swift; path = SubscriptionShopViewModifier.swift; sourceTree = "<group>"; };
		B760DC4E2B88CCC000C2C025 /* LensDashboardViewModel.swift */ = {isa = PBXFileReference; lastKnownFileType = sourcecode.swift; path = LensDashboardViewModel.swift; sourceTree = "<group>"; };
		B760DC582B95646500C2C025 /* NotificationManager.swift */ = {isa = PBXFileReference; lastKnownFileType = sourcecode.swift; path = NotificationManager.swift; sourceTree = "<group>"; };
		B760DC5C2B959BAB00C2C025 /* AppAppearance.swift */ = {isa = PBXFileReference; lastKnownFileType = sourcecode.swift; path = AppAppearance.swift; sourceTree = "<group>"; };
		B7616D342BB2EF20000FA37A /* AppConstants.swift */ = {isa = PBXFileReference; lastKnownFileType = sourcecode.swift; path = AppConstants.swift; sourceTree = "<group>"; };
		B761D57F2BA80FA100CEE24A /* NotificationGrantedKey.swift */ = {isa = PBXFileReference; lastKnownFileType = sourcecode.swift; path = NotificationGrantedKey.swift; sourceTree = "<group>"; };
		B761D5812BA810F300CEE24A /* NotificationTaskModifier.swift */ = {isa = PBXFileReference; lastKnownFileType = sourcecode.swift; path = NotificationTaskModifier.swift; sourceTree = "<group>"; };
		B761D5852BA8339E00CEE24A /* GetPlusButton.swift */ = {isa = PBXFileReference; lastKnownFileType = sourcecode.swift; path = GetPlusButton.swift; sourceTree = "<group>"; };
		B761D5872BA834CB00CEE24A /* AvailableOnPlus.swift */ = {isa = PBXFileReference; lastKnownFileType = sourcecode.swift; path = AvailableOnPlus.swift; sourceTree = "<group>"; };
		B764A5102BA89CF00097C263 /* AddNewTip.swift */ = {isa = PBXFileReference; lastKnownFileType = sourcecode.swift; path = AddNewTip.swift; sourceTree = "<group>"; };
		B764A5122BA8AE950097C263 /* NotificationWarningTip.swift */ = {isa = PBXFileReference; lastKnownFileType = sourcecode.swift; path = NotificationWarningTip.swift; sourceTree = "<group>"; };
		B764EC592B73DC810024A166 /* SwiftUI.framework */ = {isa = PBXFileReference; lastKnownFileType = wrapper.framework; name = SwiftUI.framework; path = System/Library/Frameworks/SwiftUI.framework; sourceTree = SDKROOT; };
		B765534F2BA96AEF0045BF93 /* BrandNameTip.swift */ = {isa = PBXFileReference; lastKnownFileType = sourcecode.swift; path = BrandNameTip.swift; sourceTree = "<group>"; };
		B76553512BA96D7C0045BF93 /* InitialDateTip.swift */ = {isa = PBXFileReference; lastKnownFileType = sourcecode.swift; path = InitialDateTip.swift; sourceTree = "<group>"; };
		B76553532BA99EDD0045BF93 /* Binding+OptionalChaining.swift */ = {isa = PBXFileReference; lastKnownFileType = sourcecode.swift; path = "Binding+OptionalChaining.swift"; sourceTree = "<group>"; };
		B76553552BA9B4D30045BF93 /* ReminderDaysTip.swift */ = {isa = PBXFileReference; lastKnownFileType = sourcecode.swift; path = ReminderDaysTip.swift; sourceTree = "<group>"; };
		B76564FD2BAEB4F600671713 /* NavigationContext.swift */ = {isa = PBXFileReference; lastKnownFileType = sourcecode.swift; path = NavigationContext.swift; sourceTree = "<group>"; };
		B76564FF2BAEB57300671713 /* ContentView.swift */ = {isa = PBXFileReference; lastKnownFileType = sourcecode.swift; path = ContentView.swift; sourceTree = "<group>"; };
		B78692D12BBBFA7200417E68 /* EyeEaseWidgetExtension.appex */ = {isa = PBXFileReference; explicitFileType = "wrapper.app-extension"; includeInIndex = 0; path = EyeEaseWidgetExtension.appex; sourceTree = BUILT_PRODUCTS_DIR; };
		B78692D22BBBFA7200417E68 /* WidgetKit.framework */ = {isa = PBXFileReference; lastKnownFileType = wrapper.framework; name = WidgetKit.framework; path = System/Library/Frameworks/WidgetKit.framework; sourceTree = SDKROOT; };
		B78692D62BBBFA7200417E68 /* EyeEaseWidgetBundle.swift */ = {isa = PBXFileReference; lastKnownFileType = sourcecode.swift; path = EyeEaseWidgetBundle.swift; sourceTree = "<group>"; };
		B78692D82BBBFA7200417E68 /* EyeEaseWidget.swift */ = {isa = PBXFileReference; lastKnownFileType = sourcecode.swift; path = EyeEaseWidget.swift; sourceTree = "<group>"; };
		B78692DA2BBBFA7300417E68 /* Assets.xcassets */ = {isa = PBXFileReference; lastKnownFileType = folder.assetcatalog; path = Assets.xcassets; sourceTree = "<group>"; };
		B78692DC2BBBFA7300417E68 /* Info.plist */ = {isa = PBXFileReference; lastKnownFileType = text.plist.xml; path = Info.plist; sourceTree = "<group>"; };
		B78692EC2BBD7E7100417E68 /* EyeEaseWidgetIntent.swift */ = {isa = PBXFileReference; lastKnownFileType = sourcecode.swift; path = EyeEaseWidgetIntent.swift; sourceTree = "<group>"; };
		B78692F02BBD830E00417E68 /* EyeEaseWidgetView.swift */ = {isa = PBXFileReference; lastKnownFileType = sourcecode.swift; path = EyeEaseWidgetView.swift; sourceTree = "<group>"; };
		B78692F42BBF42A800417E68 /* EyeEaseTimelineProvider.swift */ = {isa = PBXFileReference; lastKnownFileType = sourcecode.swift; path = EyeEaseTimelineProvider.swift; sourceTree = "<group>"; };
		B78692F72BBF4B9600417E68 /* EyeEaseWidgetExtension.entitlements */ = {isa = PBXFileReference; lastKnownFileType = text.plist.entitlements; path = EyeEaseWidgetExtension.entitlements; sourceTree = "<group>"; };
		B7BF527E2B865E6200FE0162 /* LensFormViewModel.swift */ = {isa = PBXFileReference; lastKnownFileType = sourcecode.swift; path = LensFormViewModel.swift; sourceTree = "<group>"; };
		B7BF52802B86720500FE0162 /* LensDetail.swift */ = {isa = PBXFileReference; lastKnownFileType = sourcecode.swift; path = LensDetail.swift; sourceTree = "<group>"; };
		B7BF52822B86721F00FE0162 /* Sphere.swift */ = {isa = PBXFileReference; lastKnownFileType = sourcecode.swift; path = Sphere.swift; sourceTree = "<group>"; };
		B7C08EAB2B1CAAB600DD0BE2 /* EE Tracker.app */ = {isa = PBXFileReference; explicitFileType = wrapper.application; includeInIndex = 0; path = "EE Tracker.app"; sourceTree = BUILT_PRODUCTS_DIR; };
		B7C08EAE2B1CAAB600DD0BE2 /* EE_TrackerApp.swift */ = {isa = PBXFileReference; lastKnownFileType = sourcecode.swift; path = EE_TrackerApp.swift; sourceTree = "<group>"; };
		B7C08EB02B1CAAB600DD0BE2 /* LensDashboardView.swift */ = {isa = PBXFileReference; lastKnownFileType = sourcecode.swift; path = LensDashboardView.swift; sourceTree = "<group>"; };
		B7C08EB42B1CAABA00DD0BE2 /* Assets.xcassets */ = {isa = PBXFileReference; lastKnownFileType = folder.assetcatalog; path = Assets.xcassets; sourceTree = "<group>"; };
		B7C08EB72B1CAABA00DD0BE2 /* Preview Assets.xcassets */ = {isa = PBXFileReference; lastKnownFileType = folder.assetcatalog; path = "Preview Assets.xcassets"; sourceTree = "<group>"; };
		B7C08EBF2B1CB73C00DD0BE2 /* LensItem.swift */ = {isa = PBXFileReference; lastKnownFileType = sourcecode.swift; path = LensItem.swift; sourceTree = "<group>"; };
		B7DAA1412B9E03CE005B9A7F /* EE TrackerRelease.entitlements */ = {isa = PBXFileReference; lastKnownFileType = text.plist.entitlements; path = "EE TrackerRelease.entitlements"; sourceTree = "<group>"; };
		B7E075502B1CE214001ABFE4 /* CircleProgressView.swift */ = {isa = PBXFileReference; lastKnownFileType = sourcecode.swift; path = CircleProgressView.swift; sourceTree = "<group>"; };
		B7E075522B1D0FF2001ABFE4 /* SettingsView.swift */ = {isa = PBXFileReference; lastKnownFileType = sourcecode.swift; path = SettingsView.swift; sourceTree = "<group>"; };
		B7E32D802B2119CD00CA0729 /* LensTrackingView.swift */ = {isa = PBXFileReference; lastKnownFileType = sourcecode.swift; path = LensTrackingView.swift; sourceTree = "<group>"; };
		B7E32D822B21219B00CA0729 /* LensFormView.swift */ = {isa = PBXFileReference; lastKnownFileType = sourcecode.swift; path = LensFormView.swift; sourceTree = "<group>"; };
		B7E32D882B2519E200CA0729 /* DataSourceModel.swift */ = {isa = PBXFileReference; lastKnownFileType = sourcecode.swift; path = DataSourceModel.swift; sourceTree = "<group>"; };
		B7E32D8A2B2521B700CA0729 /* EyeSide.swift */ = {isa = PBXFileReference; lastKnownFileType = sourcecode.swift; path = EyeSide.swift; sourceTree = "<group>"; };
		B7E32D8C2B2521DC00CA0729 /* WearDuration.swift */ = {isa = PBXFileReference; lastKnownFileType = sourcecode.swift; path = WearDuration.swift; sourceTree = "<group>"; };
		B7E32D9F2B26058500CA0729 /* PreviewSampleData.swift */ = {isa = PBXFileReference; lastKnownFileType = sourcecode.swift; path = PreviewSampleData.swift; sourceTree = "<group>"; };
		B7E32DA12B2605AD00CA0729 /* SampleData.swift */ = {isa = PBXFileReference; lastKnownFileType = sourcecode.swift; path = SampleData.swift; sourceTree = "<group>"; };
		B7E32DA32B2629A800CA0729 /* LensTrackingTimelineView.swift */ = {isa = PBXFileReference; lastKnownFileType = sourcecode.swift; path = LensTrackingTimelineView.swift; sourceTree = "<group>"; };
		B7E32DC12B26523D00CA0729 /* AppVersionProvider.swift */ = {isa = PBXFileReference; lastKnownFileType = sourcecode.swift; path = AppVersionProvider.swift; sourceTree = "<group>"; };
		B7E394142B98A94000113138 /* Date+formatDate.swift */ = {isa = PBXFileReference; lastKnownFileType = sourcecode.swift; path = "Date+formatDate.swift"; sourceTree = "<group>"; };
		B7E394162B98FFC900113138 /* CustomTimelineSchedules.swift */ = {isa = PBXFileReference; lastKnownFileType = sourcecode.swift; path = CustomTimelineSchedules.swift; sourceTree = "<group>"; };
		B7E3941A2B990C2900113138 /* AppStorageKeys.swift */ = {isa = PBXFileReference; lastKnownFileType = sourcecode.swift; path = AppStorageKeys.swift; sourceTree = "<group>"; };
		B7F492072C3282F600CD2A53 /* GoogleService-Info.plist */ = {isa = PBXFileReference; fileEncoding = 4; lastKnownFileType = text.plist.xml; path = "GoogleService-Info.plist"; sourceTree = "<group>"; };
		B7F555852BA160550069D38E /* PreferenceKeys.swift */ = {isa = PBXFileReference; lastKnownFileType = sourcecode.swift; path = PreferenceKeys.swift; sourceTree = "<group>"; };
		B7FC523F2B366E32009BA759 /* EE-Tracker-Info.plist */ = {isa = PBXFileReference; lastKnownFileType = text.plist; path = "EE-Tracker-Info.plist"; sourceTree = SOURCE_ROOT; };
		B7FC52402B36713D009BA759 /* Launch Screen.storyboard */ = {isa = PBXFileReference; lastKnownFileType = file.storyboard; name = "Launch Screen.storyboard"; path = "EE Tracker/Preview Content/Launch Screen.storyboard"; sourceTree = SOURCE_ROOT; };
/* End PBXFileReference section */

/* Begin PBXFrameworksBuildPhase section */
		B78692CE2BBBFA7200417E68 /* Frameworks */ = {
			isa = PBXFrameworksBuildPhase;
			buildActionMask = 2147483647;
			files = (
				B78692D42BBBFA7200417E68 /* SwiftUI.framework in Frameworks */,
				B78692D32BBBFA7200417E68 /* WidgetKit.framework in Frameworks */,
			);
			runOnlyForDeploymentPostprocessing = 0;
		};
		B7C08EA82B1CAAB600DD0BE2 /* Frameworks */ = {
			isa = PBXFrameworksBuildPhase;
			buildActionMask = 2147483647;
			files = (
				B7F4920B2C32839E00CD2A53 /* FirebaseCrashlytics in Frameworks */,
			);
			runOnlyForDeploymentPostprocessing = 0;
		};
/* End PBXFrameworksBuildPhase section */

/* Begin PBXGroup section */
		B70D06DC2B9FE735004E9092 /* Store */ = {
			isa = PBXGroup;
			children = (
				B70D06DF2B9FEB3C004E9092 /* PassStatus.swift */,
				B70D06E72B9FF1AF004E9092 /* SubscriptionShopView.swift */,
				B70D06E92B9FF654004E9092 /* PassManager.swift */,
				B7580F572BA6A5200058F540 /* PassIdentifiers.swift */,
				B7580F592BA6ADF80058F540 /* SubscriptionShopViewModifier.swift */,
			);
			path = Store;
			sourceTree = "<group>";
		};
		B764A50F2BA89CDC0097C263 /* Tips */ = {
			isa = PBXGroup;
			children = (
				B764A5102BA89CF00097C263 /* AddNewTip.swift */,
				B764A5122BA8AE950097C263 /* NotificationWarningTip.swift */,
				B765534F2BA96AEF0045BF93 /* BrandNameTip.swift */,
				B76553512BA96D7C0045BF93 /* InitialDateTip.swift */,
				B76553552BA9B4D30045BF93 /* ReminderDaysTip.swift */,
			);
			path = Tips;
			sourceTree = "<group>";
		};
		B764EC562B73DC810024A166 /* Frameworks */ = {
			isa = PBXGroup;
			children = (
				B764EC592B73DC810024A166 /* SwiftUI.framework */,
				B78692D22BBBFA7200417E68 /* WidgetKit.framework */,
			);
			name = Frameworks;
			sourceTree = "<group>";
		};
		B78692D52BBBFA7200417E68 /* EyeEaseWidget */ = {
			isa = PBXGroup;
			children = (
				B78692D62BBBFA7200417E68 /* EyeEaseWidgetBundle.swift */,
				B78692D82BBBFA7200417E68 /* EyeEaseWidget.swift */,
				B78692EC2BBD7E7100417E68 /* EyeEaseWidgetIntent.swift */,
				B78692F02BBD830E00417E68 /* EyeEaseWidgetView.swift */,
				B78692F42BBF42A800417E68 /* EyeEaseTimelineProvider.swift */,
				B78692DA2BBBFA7300417E68 /* Assets.xcassets */,
				B78692DC2BBBFA7300417E68 /* Info.plist */,
			);
			path = EyeEaseWidget;
			sourceTree = "<group>";
		};
		B7A7FD932BA6F37800F968A0 /* Notification */ = {
			isa = PBXGroup;
			children = (
				B760DC582B95646500C2C025 /* NotificationManager.swift */,
				B761D57F2BA80FA100CEE24A /* NotificationGrantedKey.swift */,
				B761D5812BA810F300CEE24A /* NotificationTaskModifier.swift */,
				B709D5012BC180E000EBB5EB /* NotificationHandler.swift */,
				B709D5032BC1817600EBB5EB /* NotificationViewModifier.swift */,
			);
			path = Notification;
			sourceTree = "<group>";
		};
		B7BF52752B865C6A00FE0162 /* Extension */ = {
			isa = PBXGroup;
			children = (
				B74FA83B2B5A946C001E896F /* Bool+Comparable.swift */,
				B7E394142B98A94000113138 /* Date+formatDate.swift */,
				B7E394162B98FFC900113138 /* CustomTimelineSchedules.swift */,
				B76553532BA99EDD0045BF93 /* Binding+OptionalChaining.swift */,
				B7390C662BEBED2300D2202D /* Collection+groupedByMonth.swift */,
			);
			path = Extension;
			sourceTree = "<group>";
		};
		B7BF52762B865C7200FE0162 /* Model */ = {
			isa = PBXGroup;
			children = (
				B7C08EBF2B1CB73C00DD0BE2 /* LensItem.swift */,
				B7BF52802B86720500FE0162 /* LensDetail.swift */,
				B7E32D882B2519E200CA0729 /* DataSourceModel.swift */,
				B7BF52822B86721F00FE0162 /* Sphere.swift */,
				B76564FD2BAEB4F600671713 /* NavigationContext.swift */,
				B7616D342BB2EF20000FA37A /* AppConstants.swift */,
				B7390C642BEBB13800D2202D /* LensUsage.swift */,
			);
			path = Model;
			sourceTree = "<group>";
		};
		B7BF52772B865C7B00FE0162 /* View */ = {
			isa = PBXGroup;
			children = (
				B7E32D822B21219B00CA0729 /* LensFormView.swift */,
				B7E075522B1D0FF2001ABFE4 /* SettingsView.swift */,
				B7E32D802B2119CD00CA0729 /* LensTrackingView.swift */,
				B7E32DA32B2629A800CA0729 /* LensTrackingTimelineView.swift */,
				B7C08EB02B1CAAB600DD0BE2 /* LensDashboardView.swift */,
				B74FA8392B5A84F1001E896F /* LensCarouselView.swift */,
				B73FA0522B5BC20600BCD9A4 /* LensDetailView.swift */,
				B715242F2B97D329005E7A88 /* LensNameFormView.swift */,
				B76564FF2BAEB57300671713 /* ContentView.swift */,
				B7390C622BE175FF00D2202D /* LensHistoryView.swift */,
			);
			path = View;
			sourceTree = "<group>";
		};
		B7BF52782B865C7F00FE0162 /* ViewModel */ = {
			isa = PBXGroup;
			children = (
				B7BF527E2B865E6200FE0162 /* LensFormViewModel.swift */,
				B760DC4E2B88CCC000C2C025 /* LensDashboardViewModel.swift */,
			);
			path = ViewModel;
			sourceTree = "<group>";
		};
		B7C08EA22B1CAAB500DD0BE2 = {
			isa = PBXGroup;
			children = (
				B718E2A22C38628E00862C31 /* PrivacyInfo.xcprivacy */,
				B78692F72BBF4B9600417E68 /* EyeEaseWidgetExtension.entitlements */,
				B7F492072C3282F600CD2A53 /* GoogleService-Info.plist */,
				B7C08EAD2B1CAAB600DD0BE2 /* EE Tracker */,
				B78692D52BBBFA7200417E68 /* EyeEaseWidget */,
				B764EC562B73DC810024A166 /* Frameworks */,
				B7C08EAC2B1CAAB600DD0BE2 /* Products */,
			);
			sourceTree = "<group>";
		};
		B7C08EAC2B1CAAB600DD0BE2 /* Products */ = {
			isa = PBXGroup;
			children = (
				B7C08EAB2B1CAAB600DD0BE2 /* EE Tracker.app */,
				B78692D12BBBFA7200417E68 /* EyeEaseWidgetExtension.appex */,
			);
			name = Products;
			sourceTree = "<group>";
		};
		B7C08EAD2B1CAAB600DD0BE2 /* EE Tracker */ = {
			isa = PBXGroup;
			children = (
				B764A50F2BA89CDC0097C263 /* Tips */,
				B7A7FD932BA6F37800F968A0 /* Notification */,
				B70D06DC2B9FE735004E9092 /* Store */,
				B7BF52782B865C7F00FE0162 /* ViewModel */,
				B7E32D9D2B252BF800CA0729 /* ViewHelpers */,
				B7BF52772B865C7B00FE0162 /* View */,
				B7BF52762B865C7200FE0162 /* Model */,
				B7BF52752B865C6A00FE0162 /* Extension */,
				B7E32D9E2B26055C00CA0729 /* Support */,
				B70D06DA2B9E2091004E9092 /* EE TrackerDebug.entitlements */,
				B7DAA1412B9E03CE005B9A7F /* EE TrackerRelease.entitlements */,
				B7FC523F2B366E32009BA759 /* EE-Tracker-Info.plist */,
				B7C08EAE2B1CAAB600DD0BE2 /* EE_TrackerApp.swift */,
				B7C08EB42B1CAABA00DD0BE2 /* Assets.xcassets */,
				B7C08EB62B1CAABA00DD0BE2 /* Preview Content */,
			);
			path = "EE Tracker";
			sourceTree = "<group>";
		};
		B7C08EB62B1CAABA00DD0BE2 /* Preview Content */ = {
			isa = PBXGroup;
			children = (
				B7C08EB72B1CAABA00DD0BE2 /* Preview Assets.xcassets */,
				B7FC52402B36713D009BA759 /* Launch Screen.storyboard */,
			);
			path = "Preview Content";
			sourceTree = "<group>";
		};
		B7E32D9D2B252BF800CA0729 /* ViewHelpers */ = {
			isa = PBXGroup;
			children = (
				B7E075502B1CE214001ABFE4 /* CircleProgressView.swift */,
				B7E32D8A2B2521B700CA0729 /* EyeSide.swift */,
				B7E32D8C2B2521DC00CA0729 /* WearDuration.swift */,
				B71262BF2B66A049009185EE /* LensSortOrder.swift */,
				B71524332B97E3C1005E7A88 /* BlankView.swift */,
				B7580F552BA6A34B0058F540 /* RestorePurchasesButton.swift */,
				B761D5852BA8339E00CEE24A /* GetPlusButton.swift */,
				B761D5872BA834CB00CEE24A /* AvailableOnPlus.swift */,
				B73392352BC321EF0011C8D5 /* ProgressRingView.swift */,
			);
			path = ViewHelpers;
			sourceTree = "<group>";
		};
		B7E32D9E2B26055C00CA0729 /* Support */ = {
			isa = PBXGroup;
			children = (
				B7E32D9F2B26058500CA0729 /* PreviewSampleData.swift */,
				B7E32DA12B2605AD00CA0729 /* SampleData.swift */,
				B7E32DC12B26523D00CA0729 /* AppVersionProvider.swift */,
				B760DC5C2B959BAB00C2C025 /* AppAppearance.swift */,
				B7E3941A2B990C2900113138 /* AppStorageKeys.swift */,
				B7F555852BA160550069D38E /* PreferenceKeys.swift */,
				B709D4FC2BC03B5B00EBB5EB /* DataManager.swift */,
				B709D4FF2BC17FF900EBB5EB /* AppDelegate.swift */,
			);
			path = Support;
			sourceTree = "<group>";
		};
/* End PBXGroup section */

/* Begin PBXNativeTarget section */
		B78692D02BBBFA7200417E68 /* EyeEaseWidgetExtension */ = {
			isa = PBXNativeTarget;
			buildConfigurationList = B78692E22BBBFA7300417E68 /* Build configuration list for PBXNativeTarget "EyeEaseWidgetExtension" */;
			buildPhases = (
				B78692CD2BBBFA7200417E68 /* Sources */,
				B78692CE2BBBFA7200417E68 /* Frameworks */,
				B78692CF2BBBFA7200417E68 /* Resources */,
			);
			buildRules = (
			);
			dependencies = (
			);
			name = EyeEaseWidgetExtension;
			productName = EyeEaseWidgetExtension;
			productReference = B78692D12BBBFA7200417E68 /* EyeEaseWidgetExtension.appex */;
			productType = "com.apple.product-type.app-extension";
		};
		B7C08EAA2B1CAAB600DD0BE2 /* EE Tracker */ = {
			isa = PBXNativeTarget;
			buildConfigurationList = B7C08EBB2B1CAABA00DD0BE2 /* Build configuration list for PBXNativeTarget "EE Tracker" */;
			buildPhases = (
				B7C08EA72B1CAAB600DD0BE2 /* Sources */,
				B7C08EA82B1CAAB600DD0BE2 /* Frameworks */,
				B7C08EA92B1CAAB600DD0BE2 /* Resources */,
				B764EC662B73DC850024A166 /* Embed Foundation Extensions */,
				B718E2A12C385C3F00862C31 /* ShellScript */,
			);
			buildRules = (
			);
			dependencies = (
				B78692DE2BBBFA7300417E68 /* PBXTargetDependency */,
			);
			name = "EE Tracker";
			packageProductDependencies = (
				B7F4920A2C32839E00CD2A53 /* FirebaseCrashlytics */,
			);
			productName = "EE Tracker";
			productReference = B7C08EAB2B1CAAB600DD0BE2 /* EE Tracker.app */;
			productType = "com.apple.product-type.application";
		};
/* End PBXNativeTarget section */

/* Begin PBXProject section */
		B7C08EA32B1CAAB500DD0BE2 /* Project object */ = {
			isa = PBXProject;
			attributes = {
				BuildIndependentTargetsInParallel = 1;
				LastSwiftUpdateCheck = 1520;
				LastUpgradeCheck = 1500;
				TargetAttributes = {
					B78692D02BBBFA7200417E68 = {
						CreatedOnToolsVersion = 15.2;
					};
					B7C08EAA2B1CAAB600DD0BE2 = {
						CreatedOnToolsVersion = 15.0.1;
					};
				};
			};
			buildConfigurationList = B7C08EA62B1CAAB500DD0BE2 /* Build configuration list for PBXProject "EE Tracker" */;
			compatibilityVersion = "Xcode 14.0";
			developmentRegion = en;
			hasScannedForEncodings = 0;
			knownRegions = (
				en,
				Base,
			);
			mainGroup = B7C08EA22B1CAAB500DD0BE2;
			packageReferences = (
				B75786602BF825460034C81E /* XCRemoteSwiftPackageReference "SystemNotification" */,
				B7F492092C32839E00CD2A53 /* XCRemoteSwiftPackageReference "firebase-ios-sdk" */,
			);
			productRefGroup = B7C08EAC2B1CAAB600DD0BE2 /* Products */;
			projectDirPath = "";
			projectRoot = "";
			targets = (
				B7C08EAA2B1CAAB600DD0BE2 /* EE Tracker */,
				B78692D02BBBFA7200417E68 /* EyeEaseWidgetExtension */,
			);
		};
/* End PBXProject section */

/* Begin PBXResourcesBuildPhase section */
		B78692CF2BBBFA7200417E68 /* Resources */ = {
			isa = PBXResourcesBuildPhase;
			buildActionMask = 2147483647;
			files = (
				B78692DB2BBBFA7300417E68 /* Assets.xcassets in Resources */,
			);
			runOnlyForDeploymentPostprocessing = 0;
		};
		B7C08EA92B1CAAB600DD0BE2 /* Resources */ = {
			isa = PBXResourcesBuildPhase;
			buildActionMask = 2147483647;
			files = (
				B7FC52412B36713D009BA759 /* Launch Screen.storyboard in Resources */,
				B7C08EB82B1CAABA00DD0BE2 /* Preview Assets.xcassets in Resources */,
				B7C08EB52B1CAABA00DD0BE2 /* Assets.xcassets in Resources */,
				B7BF527D2B865D7600FE0162 /* EE-Tracker-Info.plist in Resources */,
				B718E2A32C38628E00862C31 /* PrivacyInfo.xcprivacy in Resources */,
				B7F492082C3282F600CD2A53 /* GoogleService-Info.plist in Resources */,
			);
			runOnlyForDeploymentPostprocessing = 0;
		};
/* End PBXResourcesBuildPhase section */

/* Begin PBXShellScriptBuildPhase section */
		B718E2A12C385C3F00862C31 /* ShellScript */ = {
			isa = PBXShellScriptBuildPhase;
			buildActionMask = 2147483647;
			files = (
			);
			inputFileListPaths = (
			);
			inputPaths = (
				"${DWARF_DSYM_FOLDER_PATH}/${DWARF_DSYM_FILE_NAME}",
				"${DWARF_DSYM_FOLDER_PATH}/${DWARF_DSYM_FILE_NAME}/Contents/Resources/DWARF/${PRODUCT_NAME}",
				"${DWARF_DSYM_FOLDER_PATH}/${DWARF_DSYM_FILE_NAME}/Contents/Info.plist",
				"$(TARGET_BUILD_DIR)/$(UNLOCALIZED_RESOURCES_FOLDER_PATH)/GoogleService-Info.plist",
				"$(TARGET_BUILD_DIR)/$(EXECUTABLE_PATH)",
			);
			outputFileListPaths = (
			);
			outputPaths = (
			);
			runOnlyForDeploymentPostprocessing = 0;
			shellPath = /bin/sh;
			shellScript = "\n\"${BUILD_DIR%/Build/*}/SourcePackages/checkouts/firebase-ios-sdk/Crashlytics/run\"\n";
		};
/* End PBXShellScriptBuildPhase section */

/* Begin PBXSourcesBuildPhase section */
		B78692CD2BBBFA7200417E68 /* Sources */ = {
			isa = PBXSourcesBuildPhase;
			buildActionMask = 2147483647;
			files = (
				B7390C5E2BD5F1E700D2202D /* PassIdentifiers.swift in Sources */,
				B78692F32BBDEFC300417E68 /* EyeEaseWidgetIntent.swift in Sources */,
				B7390C5F2BD5F23A00D2202D /* NotificationManager.swift in Sources */,
				B73392372BC32B180011C8D5 /* ProgressRingView.swift in Sources */,
				B709D4FE2BC03B5B00EBB5EB /* DataManager.swift in Sources */,
				B78692EA2BBBFD9C00417E68 /* Sphere.swift in Sources */,
				B7390C5D2BD5F1BB00D2202D /* PassManager.swift in Sources */,
				B7390C602BD5F26100D2202D /* NotificationGrantedKey.swift in Sources */,
				B78692D72BBBFA7200417E68 /* EyeEaseWidgetBundle.swift in Sources */,
				B78692E62BBBFD7900417E68 /* SampleData.swift in Sources */,
				B78692E82BBBFD9100417E68 /* WearDuration.swift in Sources */,
				B7390C612BD5F32E00D2202D /* AppStorageKeys.swift in Sources */,
				B78692E42BBBFD5E00417E68 /* CircleProgressView.swift in Sources */,
				B78692E32BBBFD5800417E68 /* LensTrackingTimelineView.swift in Sources */,
				B78692F22BBD830E00417E68 /* EyeEaseWidgetView.swift in Sources */,
				B78692EB2BBBFDA500417E68 /* LensDetail.swift in Sources */,
				B78692E92BBBFD9500417E68 /* EyeSide.swift in Sources */,
				B7390C5C2BD5F19700D2202D /* PassStatus.swift in Sources */,
				B78692E72BBBFD8B00417E68 /* LensItem.swift in Sources */,
				B78692F52BBF42AD00417E68 /* EyeEaseTimelineProvider.swift in Sources */,
				B78692D92BBBFA7200417E68 /* EyeEaseWidget.swift in Sources */,
				B78692E52BBBFD6F00417E68 /* Date+formatDate.swift in Sources */,
			);
			runOnlyForDeploymentPostprocessing = 0;
		};
		B7C08EA72B1CAAB600DD0BE2 /* Sources */ = {
			isa = PBXSourcesBuildPhase;
			buildActionMask = 2147483647;
			files = (
				B71524342B97E3C1005E7A88 /* BlankView.swift in Sources */,
				B7C08EC02B1CB73C00DD0BE2 /* LensItem.swift in Sources */,
				B76565002BAEB57300671713 /* ContentView.swift in Sources */,
				B7580F582BA6A5200058F540 /* PassIdentifiers.swift in Sources */,
				B7E32D8D2B2521DC00CA0729 /* WearDuration.swift in Sources */,
				B76553522BA96D7C0045BF93 /* InitialDateTip.swift in Sources */,
				B760DC5D2B959BAB00C2C025 /* AppAppearance.swift in Sources */,
				B7BF52832B86721F00FE0162 /* Sphere.swift in Sources */,
				B7390C672BEBED2300D2202D /* Collection+groupedByMonth.swift in Sources */,
				B709D4FD2BC03B5B00EBB5EB /* DataManager.swift in Sources */,
				B7580F562BA6A34B0058F540 /* RestorePurchasesButton.swift in Sources */,
				B7C08EB12B1CAAB600DD0BE2 /* LensDashboardView.swift in Sources */,
				B760DC4F2B88CCC000C2C025 /* LensDashboardViewModel.swift in Sources */,
				B76553562BA9B4D30045BF93 /* ReminderDaysTip.swift in Sources */,
				B761D5862BA8339E00CEE24A /* GetPlusButton.swift in Sources */,
				B7C08EAF2B1CAAB600DD0BE2 /* EE_TrackerApp.swift in Sources */,
				B70D06E02B9FEB3C004E9092 /* PassStatus.swift in Sources */,
				B7E32DC22B26523D00CA0729 /* AppVersionProvider.swift in Sources */,
				B7BF52812B86720500FE0162 /* LensDetail.swift in Sources */,
				B7E32DA22B2605AD00CA0729 /* SampleData.swift in Sources */,
				B7390C632BE175FF00D2202D /* LensHistoryView.swift in Sources */,
				B7E3941B2B990C2900113138 /* AppStorageKeys.swift in Sources */,
				B78692ED2BBD7E7100417E68 /* EyeEaseWidgetIntent.swift in Sources */,
				B71524302B97D329005E7A88 /* LensNameFormView.swift in Sources */,
				B73FA0532B5BC20600BCD9A4 /* LensDetailView.swift in Sources */,
				B7E394152B98A94000113138 /* Date+formatDate.swift in Sources */,
				B7E32DA02B26058500CA0729 /* PreviewSampleData.swift in Sources */,
				B7390C652BEBB13800D2202D /* LensUsage.swift in Sources */,
				B78692F12BBD830E00417E68 /* EyeEaseWidgetView.swift in Sources */,
				B7F555862BA160550069D38E /* PreferenceKeys.swift in Sources */,
				B7580F5A2BA6ADF80058F540 /* SubscriptionShopViewModifier.swift in Sources */,
				B76553542BA99EDD0045BF93 /* Binding+OptionalChaining.swift in Sources */,
				B70D06E82B9FF1AF004E9092 /* SubscriptionShopView.swift in Sources */,
				B761D5822BA810F300CEE24A /* NotificationTaskModifier.swift in Sources */,
				B764A5112BA89CF00097C263 /* AddNewTip.swift in Sources */,
				B7E075532B1D0FF2001ABFE4 /* SettingsView.swift in Sources */,
				B7E32DA42B2629A800CA0729 /* LensTrackingTimelineView.swift in Sources */,
				B7E32D8B2B2521B700CA0729 /* EyeSide.swift in Sources */,
				B7616D352BB2EF20000FA37A /* AppConstants.swift in Sources */,
				B7E32D832B21219C00CA0729 /* LensFormView.swift in Sources */,
				B709D5042BC1817600EBB5EB /* NotificationViewModifier.swift in Sources */,
				B761D5802BA80FA100CEE24A /* NotificationGrantedKey.swift in Sources */,
				B761D5882BA834CB00CEE24A /* AvailableOnPlus.swift in Sources */,
				B7E075512B1CE214001ABFE4 /* CircleProgressView.swift in Sources */,
				B74FA83C2B5A946C001E896F /* Bool+Comparable.swift in Sources */,
				B70D06EA2B9FF654004E9092 /* PassManager.swift in Sources */,
				B764A5132BA8AE950097C263 /* NotificationWarningTip.swift in Sources */,
				B7E32D892B2519E300CA0729 /* DataSourceModel.swift in Sources */,
				B7E32D812B2119CD00CA0729 /* LensTrackingView.swift in Sources */,
				B71262C02B66A049009185EE /* LensSortOrder.swift in Sources */,
				B760DC592B95646500C2C025 /* NotificationManager.swift in Sources */,
				B709D5022BC180E000EBB5EB /* NotificationHandler.swift in Sources */,
				B76553502BA96AEF0045BF93 /* BrandNameTip.swift in Sources */,
				B709D5002BC17FF900EBB5EB /* AppDelegate.swift in Sources */,
				B78692F62BBF42AE00417E68 /* EyeEaseTimelineProvider.swift in Sources */,
				B7BF527F2B865E6200FE0162 /* LensFormViewModel.swift in Sources */,
				B76564FE2BAEB4F600671713 /* NavigationContext.swift in Sources */,
				B74FA83A2B5A84F1001E896F /* LensCarouselView.swift in Sources */,
				B7E394172B98FFC900113138 /* CustomTimelineSchedules.swift in Sources */,
				B73392362BC321EF0011C8D5 /* ProgressRingView.swift in Sources */,
			);
			runOnlyForDeploymentPostprocessing = 0;
		};
/* End PBXSourcesBuildPhase section */

/* Begin PBXTargetDependency section */
		B78692DE2BBBFA7300417E68 /* PBXTargetDependency */ = {
			isa = PBXTargetDependency;
			target = B78692D02BBBFA7200417E68 /* EyeEaseWidgetExtension */;
			targetProxy = B78692DD2BBBFA7300417E68 /* PBXContainerItemProxy */;
		};
/* End PBXTargetDependency section */

/* Begin XCBuildConfiguration section */
		B78692E02BBBFA7300417E68 /* Debug */ = {
			isa = XCBuildConfiguration;
			buildSettings = {
				ASSETCATALOG_COMPILER_GLOBAL_ACCENT_COLOR_NAME = AccentColor;
				ASSETCATALOG_COMPILER_WIDGET_BACKGROUND_COLOR_NAME = WidgetBackground;
				CODE_SIGN_ENTITLEMENTS = EyeEaseWidgetExtension.entitlements;
				CODE_SIGN_STYLE = Automatic;
				CURRENT_PROJECT_VERSION = 1;
				DEVELOPMENT_TEAM = FNS9H7J227;
				GENERATE_INFOPLIST_FILE = YES;
				INFOPLIST_FILE = EyeEaseWidget/Info.plist;
				INFOPLIST_KEY_CFBundleDisplayName = EyeEaseWidget;
				INFOPLIST_KEY_NSHumanReadableCopyright = "";
				IPHONEOS_DEPLOYMENT_TARGET = 17.2;
				LD_RUNPATH_SEARCH_PATHS = (
					"$(inherited)",
					"@executable_path/Frameworks",
					"@executable_path/../../Frameworks",
				);
				MARKETING_VERSION = 1.0;
				PRODUCT_BUNDLE_IDENTIFIER = "com.alture.eye-ease.EyeEaseWidget";
				PRODUCT_NAME = "$(TARGET_NAME)";
				SKIP_INSTALL = YES;
				SWIFT_EMIT_LOC_STRINGS = YES;
				SWIFT_VERSION = 5.0;
				TARGETED_DEVICE_FAMILY = "1,2";
			};
			name = Debug;
		};
		B78692E12BBBFA7300417E68 /* Release */ = {
			isa = XCBuildConfiguration;
			buildSettings = {
				ASSETCATALOG_COMPILER_GLOBAL_ACCENT_COLOR_NAME = AccentColor;
				ASSETCATALOG_COMPILER_WIDGET_BACKGROUND_COLOR_NAME = WidgetBackground;
				CODE_SIGN_ENTITLEMENTS = EyeEaseWidgetExtension.entitlements;
				CODE_SIGN_STYLE = Automatic;
				CURRENT_PROJECT_VERSION = 1;
				DEVELOPMENT_TEAM = FNS9H7J227;
				GENERATE_INFOPLIST_FILE = YES;
				INFOPLIST_FILE = EyeEaseWidget/Info.plist;
				INFOPLIST_KEY_CFBundleDisplayName = EyeEaseWidget;
				INFOPLIST_KEY_NSHumanReadableCopyright = "";
				IPHONEOS_DEPLOYMENT_TARGET = 17.2;
				LD_RUNPATH_SEARCH_PATHS = (
					"$(inherited)",
					"@executable_path/Frameworks",
					"@executable_path/../../Frameworks",
				);
				MARKETING_VERSION = 1.0;
				PRODUCT_BUNDLE_IDENTIFIER = "com.alture.eye-ease.EyeEaseWidget";
				PRODUCT_NAME = "$(TARGET_NAME)";
				SKIP_INSTALL = YES;
				SWIFT_EMIT_LOC_STRINGS = YES;
				SWIFT_VERSION = 5.0;
				TARGETED_DEVICE_FAMILY = "1,2";
			};
			name = Release;
		};
		B7C08EB92B1CAABA00DD0BE2 /* Debug */ = {
			isa = XCBuildConfiguration;
			buildSettings = {
				ALWAYS_SEARCH_USER_PATHS = NO;
				ASSETCATALOG_COMPILER_GENERATE_SWIFT_ASSET_SYMBOL_EXTENSIONS = YES;
				CLANG_ANALYZER_NONNULL = YES;
				CLANG_ANALYZER_NUMBER_OBJECT_CONVERSION = YES_AGGRESSIVE;
				CLANG_CXX_LANGUAGE_STANDARD = "gnu++20";
				CLANG_ENABLE_MODULES = YES;
				CLANG_ENABLE_OBJC_ARC = YES;
				CLANG_ENABLE_OBJC_WEAK = YES;
				CLANG_WARN_BLOCK_CAPTURE_AUTORELEASING = YES;
				CLANG_WARN_BOOL_CONVERSION = YES;
				CLANG_WARN_COMMA = YES;
				CLANG_WARN_CONSTANT_CONVERSION = YES;
				CLANG_WARN_DEPRECATED_OBJC_IMPLEMENTATIONS = YES;
				CLANG_WARN_DIRECT_OBJC_ISA_USAGE = YES_ERROR;
				CLANG_WARN_DOCUMENTATION_COMMENTS = YES;
				CLANG_WARN_EMPTY_BODY = YES;
				CLANG_WARN_ENUM_CONVERSION = YES;
				CLANG_WARN_INFINITE_RECURSION = YES;
				CLANG_WARN_INT_CONVERSION = YES;
				CLANG_WARN_NON_LITERAL_NULL_CONVERSION = YES;
				CLANG_WARN_OBJC_IMPLICIT_RETAIN_SELF = YES;
				CLANG_WARN_OBJC_LITERAL_CONVERSION = YES;
				CLANG_WARN_OBJC_ROOT_CLASS = YES_ERROR;
				CLANG_WARN_QUOTED_INCLUDE_IN_FRAMEWORK_HEADER = YES;
				CLANG_WARN_RANGE_LOOP_ANALYSIS = YES;
				CLANG_WARN_STRICT_PROTOTYPES = YES;
				CLANG_WARN_SUSPICIOUS_MOVE = YES;
				CLANG_WARN_UNGUARDED_AVAILABILITY = YES_AGGRESSIVE;
				CLANG_WARN_UNREACHABLE_CODE = YES;
				CLANG_WARN__DUPLICATE_METHOD_MATCH = YES;
				COPY_PHASE_STRIP = NO;
				DEBUG_INFORMATION_FORMAT = "dwarf-with-dsym";
				ENABLE_STRICT_OBJC_MSGSEND = YES;
				ENABLE_TESTABILITY = YES;
				ENABLE_USER_SCRIPT_SANDBOXING = YES;
				GCC_C_LANGUAGE_STANDARD = gnu17;
				GCC_DYNAMIC_NO_PIC = NO;
				GCC_NO_COMMON_BLOCKS = YES;
				GCC_OPTIMIZATION_LEVEL = 0;
				GCC_PREPROCESSOR_DEFINITIONS = (
					"DEBUG=1",
					"$(inherited)",
				);
				GCC_WARN_64_TO_32_BIT_CONVERSION = YES;
				GCC_WARN_ABOUT_RETURN_TYPE = YES_ERROR;
				GCC_WARN_UNDECLARED_SELECTOR = YES;
				GCC_WARN_UNINITIALIZED_AUTOS = YES_AGGRESSIVE;
				GCC_WARN_UNUSED_FUNCTION = YES;
				GCC_WARN_UNUSED_VARIABLE = YES;
				IPHONEOS_DEPLOYMENT_TARGET = 17.0;
				LOCALIZATION_PREFERS_STRING_CATALOGS = YES;
				MTL_ENABLE_DEBUG_INFO = INCLUDE_SOURCE;
				MTL_FAST_MATH = YES;
				ONLY_ACTIVE_ARCH = YES;
				SDKROOT = iphoneos;
				SWIFT_ACTIVE_COMPILATION_CONDITIONS = "DEBUG $(inherited)";
				SWIFT_OPTIMIZATION_LEVEL = "-Onone";
			};
			name = Debug;
		};
		B7C08EBA2B1CAABA00DD0BE2 /* Release */ = {
			isa = XCBuildConfiguration;
			buildSettings = {
				ALWAYS_SEARCH_USER_PATHS = NO;
				ASSETCATALOG_COMPILER_GENERATE_SWIFT_ASSET_SYMBOL_EXTENSIONS = YES;
				CLANG_ANALYZER_NONNULL = YES;
				CLANG_ANALYZER_NUMBER_OBJECT_CONVERSION = YES_AGGRESSIVE;
				CLANG_CXX_LANGUAGE_STANDARD = "gnu++20";
				CLANG_ENABLE_MODULES = YES;
				CLANG_ENABLE_OBJC_ARC = YES;
				CLANG_ENABLE_OBJC_WEAK = YES;
				CLANG_WARN_BLOCK_CAPTURE_AUTORELEASING = YES;
				CLANG_WARN_BOOL_CONVERSION = YES;
				CLANG_WARN_COMMA = YES;
				CLANG_WARN_CONSTANT_CONVERSION = YES;
				CLANG_WARN_DEPRECATED_OBJC_IMPLEMENTATIONS = YES;
				CLANG_WARN_DIRECT_OBJC_ISA_USAGE = YES_ERROR;
				CLANG_WARN_DOCUMENTATION_COMMENTS = YES;
				CLANG_WARN_EMPTY_BODY = YES;
				CLANG_WARN_ENUM_CONVERSION = YES;
				CLANG_WARN_INFINITE_RECURSION = YES;
				CLANG_WARN_INT_CONVERSION = YES;
				CLANG_WARN_NON_LITERAL_NULL_CONVERSION = YES;
				CLANG_WARN_OBJC_IMPLICIT_RETAIN_SELF = YES;
				CLANG_WARN_OBJC_LITERAL_CONVERSION = YES;
				CLANG_WARN_OBJC_ROOT_CLASS = YES_ERROR;
				CLANG_WARN_QUOTED_INCLUDE_IN_FRAMEWORK_HEADER = YES;
				CLANG_WARN_RANGE_LOOP_ANALYSIS = YES;
				CLANG_WARN_STRICT_PROTOTYPES = YES;
				CLANG_WARN_SUSPICIOUS_MOVE = YES;
				CLANG_WARN_UNGUARDED_AVAILABILITY = YES_AGGRESSIVE;
				CLANG_WARN_UNREACHABLE_CODE = YES;
				CLANG_WARN__DUPLICATE_METHOD_MATCH = YES;
				COPY_PHASE_STRIP = NO;
				DEBUG_INFORMATION_FORMAT = "dwarf-with-dsym";
				ENABLE_NS_ASSERTIONS = NO;
				ENABLE_STRICT_OBJC_MSGSEND = YES;
				ENABLE_USER_SCRIPT_SANDBOXING = YES;
				GCC_C_LANGUAGE_STANDARD = gnu17;
				GCC_NO_COMMON_BLOCKS = YES;
				GCC_WARN_64_TO_32_BIT_CONVERSION = YES;
				GCC_WARN_ABOUT_RETURN_TYPE = YES_ERROR;
				GCC_WARN_UNDECLARED_SELECTOR = YES;
				GCC_WARN_UNINITIALIZED_AUTOS = YES_AGGRESSIVE;
				GCC_WARN_UNUSED_FUNCTION = YES;
				GCC_WARN_UNUSED_VARIABLE = YES;
				IPHONEOS_DEPLOYMENT_TARGET = 17.0;
				LOCALIZATION_PREFERS_STRING_CATALOGS = YES;
				MTL_ENABLE_DEBUG_INFO = NO;
				MTL_FAST_MATH = YES;
				SDKROOT = iphoneos;
				SWIFT_COMPILATION_MODE = wholemodule;
				VALIDATE_PRODUCT = YES;
			};
			name = Release;
		};
		B7C08EBC2B1CAABA00DD0BE2 /* Debug */ = {
			isa = XCBuildConfiguration;
			buildSettings = {
				ALWAYS_EMBED_SWIFT_STANDARD_LIBRARIES = YES;
				ASSETCATALOG_COMPILER_APPICON_NAME = AppIcon;
				ASSETCATALOG_COMPILER_GLOBAL_ACCENT_COLOR_NAME = AccentColor;
				CODE_SIGN_ENTITLEMENTS = "EE Tracker/EE TrackerDebug.entitlements";
				CODE_SIGN_STYLE = Automatic;
				CURRENT_PROJECT_VERSION = 1;
				DEVELOPMENT_ASSET_PATHS = "\"EE Tracker/Preview Content\"";
				DEVELOPMENT_TEAM = FNS9H7J227;
				ENABLE_PREVIEWS = YES;
				GENERATE_INFOPLIST_FILE = YES;
				INFOPLIST_FILE = "EE-Tracker-Info.plist";
				INFOPLIST_KEY_CFBundleDisplayName = "Eye Ease";
				INFOPLIST_KEY_LSApplicationCategoryType = "public.app-category.medical";
				INFOPLIST_KEY_UIApplicationSceneManifest_Generation = YES;
				INFOPLIST_KEY_UIApplicationSupportsIndirectInputEvents = YES;
				INFOPLIST_KEY_UILaunchStoryboardName = "Launch Screen.storyboard";
				INFOPLIST_KEY_UIRequiresFullScreen = YES;
				INFOPLIST_KEY_UISupportedInterfaceOrientations = UIInterfaceOrientationPortrait;
				INFOPLIST_KEY_UISupportedInterfaceOrientations_iPad = "UIInterfaceOrientationLandscapeLeft UIInterfaceOrientationLandscapeRight UIInterfaceOrientationPortrait";
				IPHONEOS_DEPLOYMENT_TARGET = 17.0;
				LD_RUNPATH_SEARCH_PATHS = (
					"$(inherited)",
					"@executable_path/Frameworks",
				);
				MARKETING_VERSION = 1.1;
				PRODUCT_BUNDLE_IDENTIFIER = "com.alture.eye-ease";
				PRODUCT_NAME = "$(TARGET_NAME)";
				SUPPORTED_PLATFORMS = "iphoneos iphonesimulator";
				SUPPORTS_MACCATALYST = NO;
				SUPPORTS_MAC_DESIGNED_FOR_IPHONE_IPAD = NO;
				SUPPORTS_XR_DESIGNED_FOR_IPHONE_IPAD = NO;
				SWIFT_EMIT_LOC_STRINGS = YES;
				SWIFT_VERSION = 5.0;
				TARGETED_DEVICE_FAMILY = "1,2";
			};
			name = Debug;
		};
		B7C08EBD2B1CAABA00DD0BE2 /* Release */ = {
			isa = XCBuildConfiguration;
			buildSettings = {
				ALWAYS_EMBED_SWIFT_STANDARD_LIBRARIES = YES;
				ASSETCATALOG_COMPILER_APPICON_NAME = AppIcon;
				ASSETCATALOG_COMPILER_GLOBAL_ACCENT_COLOR_NAME = AccentColor;
				CODE_SIGN_ENTITLEMENTS = "EE Tracker/EE TrackerRelease.entitlements";
				CODE_SIGN_STYLE = Automatic;
				CURRENT_PROJECT_VERSION = 1;
				DEVELOPMENT_ASSET_PATHS = "\"EE Tracker/Preview Content\"";
				DEVELOPMENT_TEAM = FNS9H7J227;
				ENABLE_PREVIEWS = YES;
				GENERATE_INFOPLIST_FILE = YES;
				INFOPLIST_FILE = "EE-Tracker-Info.plist";
				INFOPLIST_KEY_CFBundleDisplayName = "Eye Ease";
				INFOPLIST_KEY_LSApplicationCategoryType = "public.app-category.medical";
				INFOPLIST_KEY_UIApplicationSceneManifest_Generation = YES;
				INFOPLIST_KEY_UIApplicationSupportsIndirectInputEvents = YES;
				INFOPLIST_KEY_UILaunchStoryboardName = "Launch Screen.storyboard";
				INFOPLIST_KEY_UIRequiresFullScreen = YES;
				INFOPLIST_KEY_UISupportedInterfaceOrientations = UIInterfaceOrientationPortrait;
				INFOPLIST_KEY_UISupportedInterfaceOrientations_iPad = "UIInterfaceOrientationLandscapeLeft UIInterfaceOrientationLandscapeRight UIInterfaceOrientationPortrait";
				IPHONEOS_DEPLOYMENT_TARGET = 17.0;
				LD_RUNPATH_SEARCH_PATHS = (
					"$(inherited)",
					"@executable_path/Frameworks",
				);
				MARKETING_VERSION = 1.1;
				PRODUCT_BUNDLE_IDENTIFIER = "com.alture.eye-ease";
				PRODUCT_NAME = "$(TARGET_NAME)";
				SUPPORTED_PLATFORMS = "iphoneos iphonesimulator";
				SUPPORTS_MACCATALYST = NO;
				SUPPORTS_MAC_DESIGNED_FOR_IPHONE_IPAD = NO;
				SUPPORTS_XR_DESIGNED_FOR_IPHONE_IPAD = NO;
				SWIFT_EMIT_LOC_STRINGS = YES;
				SWIFT_VERSION = 5.0;
				TARGETED_DEVICE_FAMILY = "1,2";
			};
			name = Release;
		};
/* End XCBuildConfiguration section */

/* Begin XCConfigurationList section */
		B78692E22BBBFA7300417E68 /* Build configuration list for PBXNativeTarget "EyeEaseWidgetExtension" */ = {
			isa = XCConfigurationList;
			buildConfigurations = (
				B78692E02BBBFA7300417E68 /* Debug */,
				B78692E12BBBFA7300417E68 /* Release */,
			);
			defaultConfigurationIsVisible = 0;
			defaultConfigurationName = Release;
		};
		B7C08EA62B1CAAB500DD0BE2 /* Build configuration list for PBXProject "EE Tracker" */ = {
			isa = XCConfigurationList;
			buildConfigurations = (
				B7C08EB92B1CAABA00DD0BE2 /* Debug */,
				B7C08EBA2B1CAABA00DD0BE2 /* Release */,
			);
			defaultConfigurationIsVisible = 0;
			defaultConfigurationName = Release;
		};
		B7C08EBB2B1CAABA00DD0BE2 /* Build configuration list for PBXNativeTarget "EE Tracker" */ = {
			isa = XCConfigurationList;
			buildConfigurations = (
				B7C08EBC2B1CAABA00DD0BE2 /* Debug */,
				B7C08EBD2B1CAABA00DD0BE2 /* Release */,
			);
			defaultConfigurationIsVisible = 0;
			defaultConfigurationName = Release;
		};
/* End XCConfigurationList section */

/* Begin XCRemoteSwiftPackageReference section */
		B75786602BF825460034C81E /* XCRemoteSwiftPackageReference "SystemNotification" */ = {
			isa = XCRemoteSwiftPackageReference;
			repositoryURL = "https://github.com/danielsaidi/SystemNotification.git";
			requirement = {
				kind = upToNextMajorVersion;
				minimumVersion = 1.1.0;
			};
		};
		B7F492092C32839E00CD2A53 /* XCRemoteSwiftPackageReference "firebase-ios-sdk" */ = {
			isa = XCRemoteSwiftPackageReference;
			repositoryURL = "https://github.com/firebase/firebase-ios-sdk";
			requirement = {
				kind = upToNextMajorVersion;
				minimumVersion = 10.28.1;
			};
		};
/* End XCRemoteSwiftPackageReference section */

/* Begin XCSwiftPackageProductDependency section */
		B7F4920A2C32839E00CD2A53 /* FirebaseCrashlytics */ = {
			isa = XCSwiftPackageProductDependency;
			package = B7F492092C32839E00CD2A53 /* XCRemoteSwiftPackageReference "firebase-ios-sdk" */;
			productName = FirebaseCrashlytics;
		};
/* End XCSwiftPackageProductDependency section */
	};
	rootObject = B7C08EA32B1CAAB500DD0BE2 /* Project object */;
}
