// !$*UTF8*$!
{
	archiveVersion = 1;
	classes = {
	};
	objectVersion = 56;
	objects = {

/* Begin PBXBuildFile section */
		B7C08EAF2B1CAAB600DD0BE2 /* EE_TrackerApp.swift in Sources */ = {isa = PBXBuildFile; fileRef = B7C08EAE2B1CAAB600DD0BE2 /* EE_TrackerApp.swift */; };
		B7C08EB12B1CAAB600DD0BE2 /* ContentView.swift in Sources */ = {isa = PBXBuildFile; fileRef = B7C08EB02B1CAAB600DD0BE2 /* ContentView.swift */; };
		B7C08EB52B1CAABA00DD0BE2 /* Assets.xcassets in Resources */ = {isa = PBXBuildFile; fileRef = B7C08EB42B1CAABA00DD0BE2 /* Assets.xcassets */; };
		B7C08EB82B1CAABA00DD0BE2 /* Preview Assets.xcassets in Resources */ = {isa = PBXBuildFile; fileRef = B7C08EB72B1CAABA00DD0BE2 /* Preview Assets.xcassets */; };
		B7C08EC02B1CB73C00DD0BE2 /* LensItem.swift in Sources */ = {isa = PBXBuildFile; fileRef = B7C08EBF2B1CB73C00DD0BE2 /* LensItem.swift */; };
		B7D0E9362B1FA73900DE811D /* LensView.swift in Sources */ = {isa = PBXBuildFile; fileRef = B7D0E9352B1FA73900DE811D /* LensView.swift */; };
		B7E0754E2B1CDC33001ABFE4 /* LensItemRow.swift in Sources */ = {isa = PBXBuildFile; fileRef = B7E0754D2B1CDC33001ABFE4 /* LensItemRow.swift */; };
		B7E075512B1CE214001ABFE4 /* CircleProgressView.swift in Sources */ = {isa = PBXBuildFile; fileRef = B7E075502B1CE214001ABFE4 /* CircleProgressView.swift */; };
		B7E075532B1D0FF2001ABFE4 /* SettingsView.swift in Sources */ = {isa = PBXBuildFile; fileRef = B7E075522B1D0FF2001ABFE4 /* SettingsView.swift */; };
		B7E075552B1D11B2001ABFE4 /* SettingsViewModel.swift in Sources */ = {isa = PBXBuildFile; fileRef = B7E075542B1D11B2001ABFE4 /* SettingsViewModel.swift */; };
		B7E32D812B2119CD00CA0729 /* LensDetailView.swift in Sources */ = {isa = PBXBuildFile; fileRef = B7E32D802B2119CD00CA0729 /* LensDetailView.swift */; };
		B7E32D832B21219C00CA0729 /* LensCreateOrEditView.swift in Sources */ = {isa = PBXBuildFile; fileRef = B7E32D822B21219B00CA0729 /* LensCreateOrEditView.swift */; };
		B7E32D872B23503600CA0729 /* NewLensView.swift in Sources */ = {isa = PBXBuildFile; fileRef = B7E32D862B23503600CA0729 /* NewLensView.swift */; };
		B7E32D892B2519E300CA0729 /* DataSourceModel.swift in Sources */ = {isa = PBXBuildFile; fileRef = B7E32D882B2519E200CA0729 /* DataSourceModel.swift */; };
		B7E32D8B2B2521B700CA0729 /* EyeSide.swift in Sources */ = {isa = PBXBuildFile; fileRef = B7E32D8A2B2521B700CA0729 /* EyeSide.swift */; };
		B7E32D8D2B2521DC00CA0729 /* WearDuration.swift in Sources */ = {isa = PBXBuildFile; fileRef = B7E32D8C2B2521DC00CA0729 /* WearDuration.swift */; };
		B7E32D8F2B2528EA00CA0729 /* SettingsModel.swift in Sources */ = {isa = PBXBuildFile; fileRef = B7E32D8E2B2528EA00CA0729 /* SettingsModel.swift */; };
		B7E32DA02B26058500CA0729 /* PreviewSampleData.swift in Sources */ = {isa = PBXBuildFile; fileRef = B7E32D9F2B26058500CA0729 /* PreviewSampleData.swift */; };
		B7E32DA22B2605AD00CA0729 /* SampleData.swift in Sources */ = {isa = PBXBuildFile; fileRef = B7E32DA12B2605AD00CA0729 /* SampleData.swift */; };
		B7E32DA42B2629A800CA0729 /* LensDetailHeaderView.swift in Sources */ = {isa = PBXBuildFile; fileRef = B7E32DA32B2629A800CA0729 /* LensDetailHeaderView.swift */; };
		B7E32DC22B26523D00CA0729 /* AppVersionProvider.swift in Sources */ = {isa = PBXBuildFile; fileRef = B7E32DC12B26523D00CA0729 /* AppVersionProvider.swift */; };
/* End PBXBuildFile section */

/* Begin PBXFileReference section */
		B7C08EAB2B1CAAB600DD0BE2 /* EE Tracker.app */ = {isa = PBXFileReference; explicitFileType = wrapper.application; includeInIndex = 0; path = "EE Tracker.app"; sourceTree = BUILT_PRODUCTS_DIR; };
		B7C08EAE2B1CAAB600DD0BE2 /* EE_TrackerApp.swift */ = {isa = PBXFileReference; lastKnownFileType = sourcecode.swift; path = EE_TrackerApp.swift; sourceTree = "<group>"; };
		B7C08EB02B1CAAB600DD0BE2 /* ContentView.swift */ = {isa = PBXFileReference; lastKnownFileType = sourcecode.swift; path = ContentView.swift; sourceTree = "<group>"; };
		B7C08EB42B1CAABA00DD0BE2 /* Assets.xcassets */ = {isa = PBXFileReference; lastKnownFileType = folder.assetcatalog; path = Assets.xcassets; sourceTree = "<group>"; };
		B7C08EB72B1CAABA00DD0BE2 /* Preview Assets.xcassets */ = {isa = PBXFileReference; lastKnownFileType = folder.assetcatalog; path = "Preview Assets.xcassets"; sourceTree = "<group>"; };
		B7C08EBF2B1CB73C00DD0BE2 /* LensItem.swift */ = {isa = PBXFileReference; lastKnownFileType = sourcecode.swift; path = LensItem.swift; sourceTree = "<group>"; };
		B7D0E9352B1FA73900DE811D /* LensView.swift */ = {isa = PBXFileReference; lastKnownFileType = sourcecode.swift; path = LensView.swift; sourceTree = "<group>"; };
		B7E0754D2B1CDC33001ABFE4 /* LensItemRow.swift */ = {isa = PBXFileReference; lastKnownFileType = sourcecode.swift; path = LensItemRow.swift; sourceTree = "<group>"; };
		B7E075502B1CE214001ABFE4 /* CircleProgressView.swift */ = {isa = PBXFileReference; lastKnownFileType = sourcecode.swift; path = CircleProgressView.swift; sourceTree = "<group>"; };
		B7E075522B1D0FF2001ABFE4 /* SettingsView.swift */ = {isa = PBXFileReference; lastKnownFileType = sourcecode.swift; path = SettingsView.swift; sourceTree = "<group>"; };
		B7E075542B1D11B2001ABFE4 /* SettingsViewModel.swift */ = {isa = PBXFileReference; lastKnownFileType = sourcecode.swift; path = SettingsViewModel.swift; sourceTree = "<group>"; };
		B7E32D802B2119CD00CA0729 /* LensDetailView.swift */ = {isa = PBXFileReference; lastKnownFileType = sourcecode.swift; path = LensDetailView.swift; sourceTree = "<group>"; };
		B7E32D822B21219B00CA0729 /* LensCreateOrEditView.swift */ = {isa = PBXFileReference; lastKnownFileType = sourcecode.swift; path = LensCreateOrEditView.swift; sourceTree = "<group>"; };
		B7E32D862B23503600CA0729 /* NewLensView.swift */ = {isa = PBXFileReference; lastKnownFileType = sourcecode.swift; path = NewLensView.swift; sourceTree = "<group>"; };
		B7E32D882B2519E200CA0729 /* DataSourceModel.swift */ = {isa = PBXFileReference; lastKnownFileType = sourcecode.swift; path = DataSourceModel.swift; sourceTree = "<group>"; };
		B7E32D8A2B2521B700CA0729 /* EyeSide.swift */ = {isa = PBXFileReference; lastKnownFileType = sourcecode.swift; path = EyeSide.swift; sourceTree = "<group>"; };
		B7E32D8C2B2521DC00CA0729 /* WearDuration.swift */ = {isa = PBXFileReference; lastKnownFileType = sourcecode.swift; path = WearDuration.swift; sourceTree = "<group>"; };
		B7E32D8E2B2528EA00CA0729 /* SettingsModel.swift */ = {isa = PBXFileReference; lastKnownFileType = sourcecode.swift; path = SettingsModel.swift; sourceTree = "<group>"; };
		B7E32D9F2B26058500CA0729 /* PreviewSampleData.swift */ = {isa = PBXFileReference; lastKnownFileType = sourcecode.swift; path = PreviewSampleData.swift; sourceTree = "<group>"; };
		B7E32DA12B2605AD00CA0729 /* SampleData.swift */ = {isa = PBXFileReference; lastKnownFileType = sourcecode.swift; path = SampleData.swift; sourceTree = "<group>"; };
		B7E32DA32B2629A800CA0729 /* LensDetailHeaderView.swift */ = {isa = PBXFileReference; lastKnownFileType = sourcecode.swift; path = LensDetailHeaderView.swift; sourceTree = "<group>"; };
		B7E32DC12B26523D00CA0729 /* AppVersionProvider.swift */ = {isa = PBXFileReference; lastKnownFileType = sourcecode.swift; path = AppVersionProvider.swift; sourceTree = "<group>"; };
/* End PBXFileReference section */

/* Begin PBXFrameworksBuildPhase section */
		B7C08EA82B1CAAB600DD0BE2 /* Frameworks */ = {
			isa = PBXFrameworksBuildPhase;
			buildActionMask = 2147483647;
			files = (
			);
			runOnlyForDeploymentPostprocessing = 0;
		};
/* End PBXFrameworksBuildPhase section */

/* Begin PBXGroup section */
		B7C08EA22B1CAAB500DD0BE2 = {
			isa = PBXGroup;
			children = (
				B7C08EAD2B1CAAB600DD0BE2 /* EE Tracker */,
				B7C08EAC2B1CAAB600DD0BE2 /* Products */,
			);
			sourceTree = "<group>";
		};
		B7C08EAC2B1CAAB600DD0BE2 /* Products */ = {
			isa = PBXGroup;
			children = (
				B7C08EAB2B1CAAB600DD0BE2 /* EE Tracker.app */,
			);
			name = Products;
			sourceTree = "<group>";
		};
		B7C08EAD2B1CAAB600DD0BE2 /* EE Tracker */ = {
			isa = PBXGroup;
			children = (
				B7E32D9E2B26055C00CA0729 /* Support */,
				B7E32D9D2B252BF800CA0729 /* Helpers */,
				B7E32D912B252B1F00CA0729 /* Modules */,
				B7C08EAE2B1CAAB600DD0BE2 /* EE_TrackerApp.swift */,
				B7E32D882B2519E200CA0729 /* DataSourceModel.swift */,
				B7C08EB42B1CAABA00DD0BE2 /* Assets.xcassets */,
				B7C08EB62B1CAABA00DD0BE2 /* Preview Content */,
			);
			path = "EE Tracker";
			sourceTree = "<group>";
		};
		B7C08EB62B1CAABA00DD0BE2 /* Preview Content */ = {
			isa = PBXGroup;
			children = (
				B7C08EB72B1CAABA00DD0BE2 /* Preview Assets.xcassets */,
			);
			path = "Preview Content";
			sourceTree = "<group>";
		};
		B7E32D912B252B1F00CA0729 /* Modules */ = {
			isa = PBXGroup;
			children = (
				B7E32D982B252BAB00CA0729 /* Main */,
				B7E32D952B252B4F00CA0729 /* Lens */,
				B7E32D922B252B2900CA0729 /* Settings */,
			);
			path = Modules;
			sourceTree = "<group>";
		};
		B7E32D922B252B2900CA0729 /* Settings */ = {
			isa = PBXGroup;
			children = (
				B7E32D9B2B252BBD00CA0729 /* ViewModel */,
				B7E32D942B252B3A00CA0729 /* Model */,
				B7E32D932B252B3200CA0729 /* Views */,
			);
			path = Settings;
			sourceTree = "<group>";
		};
		B7E32D932B252B3200CA0729 /* Views */ = {
			isa = PBXGroup;
			children = (
				B7E075522B1D0FF2001ABFE4 /* SettingsView.swift */,
			);
			path = Views;
			sourceTree = "<group>";
		};
		B7E32D942B252B3A00CA0729 /* Model */ = {
			isa = PBXGroup;
			children = (
				B7E32D8E2B2528EA00CA0729 /* SettingsModel.swift */,
			);
			path = Model;
			sourceTree = "<group>";
		};
		B7E32D952B252B4F00CA0729 /* Lens */ = {
			isa = PBXGroup;
			children = (
				B7E32D972B252B7400CA0729 /* Views */,
				B7E32D962B252B6C00CA0729 /* Model */,
			);
			path = Lens;
			sourceTree = "<group>";
		};
		B7E32D962B252B6C00CA0729 /* Model */ = {
			isa = PBXGroup;
			children = (
				B7C08EBF2B1CB73C00DD0BE2 /* LensItem.swift */,
			);
			path = Model;
			sourceTree = "<group>";
		};
		B7E32D972B252B7400CA0729 /* Views */ = {
			isa = PBXGroup;
			children = (
				B7D0E9352B1FA73900DE811D /* LensView.swift */,
				B7E32D802B2119CD00CA0729 /* LensDetailView.swift */,
				B7E32D822B21219B00CA0729 /* LensCreateOrEditView.swift */,
				B7E32D862B23503600CA0729 /* NewLensView.swift */,
				B7E32DA32B2629A800CA0729 /* LensDetailHeaderView.swift */,
			);
			path = Views;
			sourceTree = "<group>";
		};
		B7E32D982B252BAB00CA0729 /* Main */ = {
			isa = PBXGroup;
			children = (
				B7E32D9A2B252BB500CA0729 /* Views */,
			);
			path = Main;
			sourceTree = "<group>";
		};
		B7E32D9A2B252BB500CA0729 /* Views */ = {
			isa = PBXGroup;
			children = (
				B7E0754D2B1CDC33001ABFE4 /* LensItemRow.swift */,
				B7C08EB02B1CAAB600DD0BE2 /* ContentView.swift */,
			);
			path = Views;
			sourceTree = "<group>";
		};
		B7E32D9B2B252BBD00CA0729 /* ViewModel */ = {
			isa = PBXGroup;
			children = (
				B7E075542B1D11B2001ABFE4 /* SettingsViewModel.swift */,
			);
			path = ViewModel;
			sourceTree = "<group>";
		};
		B7E32D9D2B252BF800CA0729 /* Helpers */ = {
			isa = PBXGroup;
			children = (
				B7E075502B1CE214001ABFE4 /* CircleProgressView.swift */,
				B7E32D8A2B2521B700CA0729 /* EyeSide.swift */,
				B7E32D8C2B2521DC00CA0729 /* WearDuration.swift */,
			);
			path = Helpers;
			sourceTree = "<group>";
		};
		B7E32D9E2B26055C00CA0729 /* Support */ = {
			isa = PBXGroup;
			children = (
				B7E32D9F2B26058500CA0729 /* PreviewSampleData.swift */,
				B7E32DA12B2605AD00CA0729 /* SampleData.swift */,
				B7E32DC12B26523D00CA0729 /* AppVersionProvider.swift */,
			);
			path = Support;
			sourceTree = "<group>";
		};
/* End PBXGroup section */

/* Begin PBXNativeTarget section */
		B7C08EAA2B1CAAB600DD0BE2 /* EE Tracker */ = {
			isa = PBXNativeTarget;
			buildConfigurationList = B7C08EBB2B1CAABA00DD0BE2 /* Build configuration list for PBXNativeTarget "EE Tracker" */;
			buildPhases = (
				B7C08EA72B1CAAB600DD0BE2 /* Sources */,
				B7C08EA82B1CAAB600DD0BE2 /* Frameworks */,
				B7C08EA92B1CAAB600DD0BE2 /* Resources */,
			);
			buildRules = (
			);
			dependencies = (
			);
			name = "EE Tracker";
			productName = "EE Tracker";
			productReference = B7C08EAB2B1CAAB600DD0BE2 /* EE Tracker.app */;
			productType = "com.apple.product-type.application";
		};
/* End PBXNativeTarget section */

/* Begin PBXProject section */
		B7C08EA32B1CAAB500DD0BE2 /* Project object */ = {
			isa = PBXProject;
			attributes = {
				BuildIndependentTargetsInParallel = 1;
				LastSwiftUpdateCheck = 1500;
				LastUpgradeCheck = 1500;
				TargetAttributes = {
					B7C08EAA2B1CAAB600DD0BE2 = {
						CreatedOnToolsVersion = 15.0.1;
					};
				};
			};
			buildConfigurationList = B7C08EA62B1CAAB500DD0BE2 /* Build configuration list for PBXProject "EE Tracker" */;
			compatibilityVersion = "Xcode 14.0";
			developmentRegion = en;
			hasScannedForEncodings = 0;
			knownRegions = (
				en,
				Base,
			);
			mainGroup = B7C08EA22B1CAAB500DD0BE2;
			productRefGroup = B7C08EAC2B1CAAB600DD0BE2 /* Products */;
			projectDirPath = "";
			projectRoot = "";
			targets = (
				B7C08EAA2B1CAAB600DD0BE2 /* EE Tracker */,
			);
		};
/* End PBXProject section */

/* Begin PBXResourcesBuildPhase section */
		B7C08EA92B1CAAB600DD0BE2 /* Resources */ = {
			isa = PBXResourcesBuildPhase;
			buildActionMask = 2147483647;
			files = (
				B7C08EB82B1CAABA00DD0BE2 /* Preview Assets.xcassets in Resources */,
				B7C08EB52B1CAABA00DD0BE2 /* Assets.xcassets in Resources */,
			);
			runOnlyForDeploymentPostprocessing = 0;
		};
/* End PBXResourcesBuildPhase section */

/* Begin PBXSourcesBuildPhase section */
		B7C08EA72B1CAAB600DD0BE2 /* Sources */ = {
			isa = PBXSourcesBuildPhase;
			buildActionMask = 2147483647;
			files = (
				B7E32D8F2B2528EA00CA0729 /* SettingsModel.swift in Sources */,
				B7C08EC02B1CB73C00DD0BE2 /* LensItem.swift in Sources */,
				B7E32D872B23503600CA0729 /* NewLensView.swift in Sources */,
				B7E32D8D2B2521DC00CA0729 /* WearDuration.swift in Sources */,
				B7C08EB12B1CAAB600DD0BE2 /* ContentView.swift in Sources */,
				B7C08EAF2B1CAAB600DD0BE2 /* EE_TrackerApp.swift in Sources */,
				B7E32DC22B26523D00CA0729 /* AppVersionProvider.swift in Sources */,
				B7E32DA22B2605AD00CA0729 /* SampleData.swift in Sources */,
				B7E32DA02B26058500CA0729 /* PreviewSampleData.swift in Sources */,
				B7E075532B1D0FF2001ABFE4 /* SettingsView.swift in Sources */,
				B7D0E9362B1FA73900DE811D /* LensView.swift in Sources */,
				B7E32DA42B2629A800CA0729 /* LensDetailHeaderView.swift in Sources */,
				B7E32D8B2B2521B700CA0729 /* EyeSide.swift in Sources */,
				B7E32D832B21219C00CA0729 /* LensCreateOrEditView.swift in Sources */,
				B7E075512B1CE214001ABFE4 /* CircleProgressView.swift in Sources */,
				B7E0754E2B1CDC33001ABFE4 /* LensItemRow.swift in Sources */,
				B7E075552B1D11B2001ABFE4 /* SettingsViewModel.swift in Sources */,
				B7E32D892B2519E300CA0729 /* DataSourceModel.swift in Sources */,
				B7E32D812B2119CD00CA0729 /* LensDetailView.swift in Sources */,
			);
			runOnlyForDeploymentPostprocessing = 0;
		};
/* End PBXSourcesBuildPhase section */

/* Begin XCBuildConfiguration section */
		B7C08EB92B1CAABA00DD0BE2 /* Debug */ = {
			isa = XCBuildConfiguration;
			buildSettings = {
				ALWAYS_SEARCH_USER_PATHS = NO;
				ASSETCATALOG_COMPILER_GENERATE_SWIFT_ASSET_SYMBOL_EXTENSIONS = YES;
				CLANG_ANALYZER_NONNULL = YES;
				CLANG_ANALYZER_NUMBER_OBJECT_CONVERSION = YES_AGGRESSIVE;
				CLANG_CXX_LANGUAGE_STANDARD = "gnu++20";
				CLANG_ENABLE_MODULES = YES;
				CLANG_ENABLE_OBJC_ARC = YES;
				CLANG_ENABLE_OBJC_WEAK = YES;
				CLANG_WARN_BLOCK_CAPTURE_AUTORELEASING = YES;
				CLANG_WARN_BOOL_CONVERSION = YES;
				CLANG_WARN_COMMA = YES;
				CLANG_WARN_CONSTANT_CONVERSION = YES;
				CLANG_WARN_DEPRECATED_OBJC_IMPLEMENTATIONS = YES;
				CLANG_WARN_DIRECT_OBJC_ISA_USAGE = YES_ERROR;
				CLANG_WARN_DOCUMENTATION_COMMENTS = YES;
				CLANG_WARN_EMPTY_BODY = YES;
				CLANG_WARN_ENUM_CONVERSION = YES;
				CLANG_WARN_INFINITE_RECURSION = YES;
				CLANG_WARN_INT_CONVERSION = YES;
				CLANG_WARN_NON_LITERAL_NULL_CONVERSION = YES;
				CLANG_WARN_OBJC_IMPLICIT_RETAIN_SELF = YES;
				CLANG_WARN_OBJC_LITERAL_CONVERSION = YES;
				CLANG_WARN_OBJC_ROOT_CLASS = YES_ERROR;
				CLANG_WARN_QUOTED_INCLUDE_IN_FRAMEWORK_HEADER = YES;
				CLANG_WARN_RANGE_LOOP_ANALYSIS = YES;
				CLANG_WARN_STRICT_PROTOTYPES = YES;
				CLANG_WARN_SUSPICIOUS_MOVE = YES;
				CLANG_WARN_UNGUARDED_AVAILABILITY = YES_AGGRESSIVE;
				CLANG_WARN_UNREACHABLE_CODE = YES;
				CLANG_WARN__DUPLICATE_METHOD_MATCH = YES;
				COPY_PHASE_STRIP = NO;
				DEBUG_INFORMATION_FORMAT = dwarf;
				ENABLE_STRICT_OBJC_MSGSEND = YES;
				ENABLE_TESTABILITY = YES;
				ENABLE_USER_SCRIPT_SANDBOXING = YES;
				GCC_C_LANGUAGE_STANDARD = gnu17;
				GCC_DYNAMIC_NO_PIC = NO;
				GCC_NO_COMMON_BLOCKS = YES;
				GCC_OPTIMIZATION_LEVEL = 0;
				GCC_PREPROCESSOR_DEFINITIONS = (
					"DEBUG=1",
					"$(inherited)",
				);
				GCC_WARN_64_TO_32_BIT_CONVERSION = YES;
				GCC_WARN_ABOUT_RETURN_TYPE = YES_ERROR;
				GCC_WARN_UNDECLARED_SELECTOR = YES;
				GCC_WARN_UNINITIALIZED_AUTOS = YES_AGGRESSIVE;
				GCC_WARN_UNUSED_FUNCTION = YES;
				GCC_WARN_UNUSED_VARIABLE = YES;
				IPHONEOS_DEPLOYMENT_TARGET = 17.0;
				LOCALIZATION_PREFERS_STRING_CATALOGS = YES;
				MTL_ENABLE_DEBUG_INFO = INCLUDE_SOURCE;
				MTL_FAST_MATH = YES;
				ONLY_ACTIVE_ARCH = YES;
				SDKROOT = iphoneos;
				SWIFT_ACTIVE_COMPILATION_CONDITIONS = "DEBUG $(inherited)";
				SWIFT_OPTIMIZATION_LEVEL = "-Onone";
			};
			name = Debug;
		};
		B7C08EBA2B1CAABA00DD0BE2 /* Release */ = {
			isa = XCBuildConfiguration;
			buildSettings = {
				ALWAYS_SEARCH_USER_PATHS = NO;
				ASSETCATALOG_COMPILER_GENERATE_SWIFT_ASSET_SYMBOL_EXTENSIONS = YES;
				CLANG_ANALYZER_NONNULL = YES;
				CLANG_ANALYZER_NUMBER_OBJECT_CONVERSION = YES_AGGRESSIVE;
				CLANG_CXX_LANGUAGE_STANDARD = "gnu++20";
				CLANG_ENABLE_MODULES = YES;
				CLANG_ENABLE_OBJC_ARC = YES;
				CLANG_ENABLE_OBJC_WEAK = YES;
				CLANG_WARN_BLOCK_CAPTURE_AUTORELEASING = YES;
				CLANG_WARN_BOOL_CONVERSION = YES;
				CLANG_WARN_COMMA = YES;
				CLANG_WARN_CONSTANT_CONVERSION = YES;
				CLANG_WARN_DEPRECATED_OBJC_IMPLEMENTATIONS = YES;
				CLANG_WARN_DIRECT_OBJC_ISA_USAGE = YES_ERROR;
				CLANG_WARN_DOCUMENTATION_COMMENTS = YES;
				CLANG_WARN_EMPTY_BODY = YES;
				CLANG_WARN_ENUM_CONVERSION = YES;
				CLANG_WARN_INFINITE_RECURSION = YES;
				CLANG_WARN_INT_CONVERSION = YES;
				CLANG_WARN_NON_LITERAL_NULL_CONVERSION = YES;
				CLANG_WARN_OBJC_IMPLICIT_RETAIN_SELF = YES;
				CLANG_WARN_OBJC_LITERAL_CONVERSION = YES;
				CLANG_WARN_OBJC_ROOT_CLASS = YES_ERROR;
				CLANG_WARN_QUOTED_INCLUDE_IN_FRAMEWORK_HEADER = YES;
				CLANG_WARN_RANGE_LOOP_ANALYSIS = YES;
				CLANG_WARN_STRICT_PROTOTYPES = YES;
				CLANG_WARN_SUSPICIOUS_MOVE = YES;
				CLANG_WARN_UNGUARDED_AVAILABILITY = YES_AGGRESSIVE;
				CLANG_WARN_UNREACHABLE_CODE = YES;
				CLANG_WARN__DUPLICATE_METHOD_MATCH = YES;
				COPY_PHASE_STRIP = NO;
				DEBUG_INFORMATION_FORMAT = "dwarf-with-dsym";
				ENABLE_NS_ASSERTIONS = NO;
				ENABLE_STRICT_OBJC_MSGSEND = YES;
				ENABLE_USER_SCRIPT_SANDBOXING = YES;
				GCC_C_LANGUAGE_STANDARD = gnu17;
				GCC_NO_COMMON_BLOCKS = YES;
				GCC_WARN_64_TO_32_BIT_CONVERSION = YES;
				GCC_WARN_ABOUT_RETURN_TYPE = YES_ERROR;
				GCC_WARN_UNDECLARED_SELECTOR = YES;
				GCC_WARN_UNINITIALIZED_AUTOS = YES_AGGRESSIVE;
				GCC_WARN_UNUSED_FUNCTION = YES;
				GCC_WARN_UNUSED_VARIABLE = YES;
				IPHONEOS_DEPLOYMENT_TARGET = 17.0;
				LOCALIZATION_PREFERS_STRING_CATALOGS = YES;
				MTL_ENABLE_DEBUG_INFO = NO;
				MTL_FAST_MATH = YES;
				SDKROOT = iphoneos;
				SWIFT_COMPILATION_MODE = wholemodule;
				VALIDATE_PRODUCT = YES;
			};
			name = Release;
		};
		B7C08EBC2B1CAABA00DD0BE2 /* Debug */ = {
			isa = XCBuildConfiguration;
			buildSettings = {
				ASSETCATALOG_COMPILER_APPICON_NAME = AppIcon;
				ASSETCATALOG_COMPILER_GLOBAL_ACCENT_COLOR_NAME = AccentColor;
				CODE_SIGN_STYLE = Automatic;
				CURRENT_PROJECT_VERSION = 1;
				DEVELOPMENT_ASSET_PATHS = "\"EE Tracker/Preview Content\"";
				DEVELOPMENT_TEAM = FNS9H7J227;
				ENABLE_PREVIEWS = YES;
				GENERATE_INFOPLIST_FILE = YES;
				INFOPLIST_KEY_UIApplicationSceneManifest_Generation = YES;
				INFOPLIST_KEY_UIApplicationSupportsIndirectInputEvents = YES;
				INFOPLIST_KEY_UILaunchScreen_Generation = YES;
				INFOPLIST_KEY_UISupportedInterfaceOrientations = UIInterfaceOrientationPortrait;
				INFOPLIST_KEY_UISupportedInterfaceOrientations_iPad = "UIInterfaceOrientationPortrait UIInterfaceOrientationPortraitUpsideDown";
				LD_RUNPATH_SEARCH_PATHS = (
					"$(inherited)",
					"@executable_path/Frameworks",
				);
				MARKETING_VERSION = 1.0;
				PRODUCT_BUNDLE_IDENTIFIER = "com.alture.EE-Tracker";
				PRODUCT_NAME = "$(TARGET_NAME)";
				SWIFT_EMIT_LOC_STRINGS = YES;
				SWIFT_VERSION = 5.0;
				TARGETED_DEVICE_FAMILY = "1,2";
			};
			name = Debug;
		};
		B7C08EBD2B1CAABA00DD0BE2 /* Release */ = {
			isa = XCBuildConfiguration;
			buildSettings = {
				ASSETCATALOG_COMPILER_APPICON_NAME = AppIcon;
				ASSETCATALOG_COMPILER_GLOBAL_ACCENT_COLOR_NAME = AccentColor;
				CODE_SIGN_STYLE = Automatic;
				CURRENT_PROJECT_VERSION = 1;
				DEVELOPMENT_ASSET_PATHS = "\"EE Tracker/Preview Content\"";
				DEVELOPMENT_TEAM = FNS9H7J227;
				ENABLE_PREVIEWS = YES;
				GENERATE_INFOPLIST_FILE = YES;
				INFOPLIST_KEY_UIApplicationSceneManifest_Generation = YES;
				INFOPLIST_KEY_UIApplicationSupportsIndirectInputEvents = YES;
				INFOPLIST_KEY_UILaunchScreen_Generation = YES;
				INFOPLIST_KEY_UISupportedInterfaceOrientations = UIInterfaceOrientationPortrait;
				INFOPLIST_KEY_UISupportedInterfaceOrientations_iPad = "UIInterfaceOrientationPortrait UIInterfaceOrientationPortraitUpsideDown";
				LD_RUNPATH_SEARCH_PATHS = (
					"$(inherited)",
					"@executable_path/Frameworks",
				);
				MARKETING_VERSION = 1.0;
				PRODUCT_BUNDLE_IDENTIFIER = "com.alture.EE-Tracker";
				PRODUCT_NAME = "$(TARGET_NAME)";
				SWIFT_EMIT_LOC_STRINGS = YES;
				SWIFT_VERSION = 5.0;
				TARGETED_DEVICE_FAMILY = "1,2";
			};
			name = Release;
		};
/* End XCBuildConfiguration section */

/* Begin XCConfigurationList section */
		B7C08EA62B1CAAB500DD0BE2 /* Build configuration list for PBXProject "EE Tracker" */ = {
			isa = XCConfigurationList;
			buildConfigurations = (
				B7C08EB92B1CAABA00DD0BE2 /* Debug */,
				B7C08EBA2B1CAABA00DD0BE2 /* Release */,
			);
			defaultConfigurationIsVisible = 0;
			defaultConfigurationName = Release;
		};
		B7C08EBB2B1CAABA00DD0BE2 /* Build configuration list for PBXNativeTarget "EE Tracker" */ = {
			isa = XCConfigurationList;
			buildConfigurations = (
				B7C08EBC2B1CAABA00DD0BE2 /* Debug */,
				B7C08EBD2B1CAABA00DD0BE2 /* Release */,
			);
			defaultConfigurationIsVisible = 0;
			defaultConfigurationName = Release;
		};
/* End XCConfigurationList section */
	};
	rootObject = B7C08EA32B1CAAB500DD0BE2 /* Project object */;
}
