// !$*UTF8*$!
{
	archiveVersion = 1;
	classes = {
	};
	objectVersion = 56;
	objects = {

/* Begin PBXBuildFile section */
		B71262C02B66A049009185EE /* LensSortOrder.swift in Sources */ = {isa = PBXBuildFile; fileRef = B71262BF2B66A049009185EE /* LensSortOrder.swift */; };
		B71524302B97D329005E7A88 /* LensNameFormView.swift in Sources */ = {isa = PBXBuildFile; fileRef = B715242F2B97D329005E7A88 /* LensNameFormView.swift */; };
		B71524342B97E3C1005E7A88 /* BlankView.swift in Sources */ = {isa = PBXBuildFile; fileRef = B71524332B97E3C1005E7A88 /* BlankView.swift */; };
		B73FA0532B5BC20600BCD9A4 /* LensDetailView.swift in Sources */ = {isa = PBXBuildFile; fileRef = B73FA0522B5BC20600BCD9A4 /* LensDetailView.swift */; };
		B74FA83A2B5A84F1001E896F /* LensCarouselView.swift in Sources */ = {isa = PBXBuildFile; fileRef = B74FA8392B5A84F1001E896F /* LensCarouselView.swift */; };
		B74FA83C2B5A946C001E896F /* Bool+Comparable.swift in Sources */ = {isa = PBXBuildFile; fileRef = B74FA83B2B5A946C001E896F /* Bool+Comparable.swift */; };
		B760DC4F2B88CCC000C2C025 /* LensDashboardViewModel.swift in Sources */ = {isa = PBXBuildFile; fileRef = B760DC4E2B88CCC000C2C025 /* LensDashboardViewModel.swift */; };
		B760DC592B95646500C2C025 /* NotificationManager.swift in Sources */ = {isa = PBXBuildFile; fileRef = B760DC582B95646500C2C025 /* NotificationManager.swift */; };
		B760DC5D2B959BAB00C2C025 /* AppAppearance.swift in Sources */ = {isa = PBXBuildFile; fileRef = B760DC5C2B959BAB00C2C025 /* AppAppearance.swift */; };
		B760DC5F2B966EE800C2C025 /* LensTimelineViewModel.swift in Sources */ = {isa = PBXBuildFile; fileRef = B760DC5E2B966EE800C2C025 /* LensTimelineViewModel.swift */; };
		B764EC582B73DC810024A166 /* WidgetKit.framework in Frameworks */ = {isa = PBXBuildFile; fileRef = B764EC572B73DC810024A166 /* WidgetKit.framework */; };
		B764EC5A2B73DC810024A166 /* SwiftUI.framework in Frameworks */ = {isa = PBXBuildFile; fileRef = B764EC592B73DC810024A166 /* SwiftUI.framework */; };
		B764EC5D2B73DC810024A166 /* TrackingWidgetBundle.swift in Sources */ = {isa = PBXBuildFile; fileRef = B764EC5C2B73DC810024A166 /* TrackingWidgetBundle.swift */; };
		B764EC5F2B73DC810024A166 /* TrackingWidget.swift in Sources */ = {isa = PBXBuildFile; fileRef = B764EC5E2B73DC810024A166 /* TrackingWidget.swift */; };
		B764EC612B73DC850024A166 /* Assets.xcassets in Resources */ = {isa = PBXBuildFile; fileRef = B764EC602B73DC850024A166 /* Assets.xcassets */; };
		B764EC652B73DC850024A166 /* TrackingWidgetExtension.appex in Embed Foundation Extensions */ = {isa = PBXBuildFile; fileRef = B764EC552B73DC810024A166 /* TrackingWidgetExtension.appex */; settings = {ATTRIBUTES = (RemoveHeadersOnCopy, ); }; };
		B7BF527D2B865D7600FE0162 /* EE-Tracker-Info.plist in Resources */ = {isa = PBXBuildFile; fileRef = B7FC523F2B366E32009BA759 /* EE-Tracker-Info.plist */; };
		B7BF527F2B865E6200FE0162 /* LensFormViewModel.swift in Sources */ = {isa = PBXBuildFile; fileRef = B7BF527E2B865E6200FE0162 /* LensFormViewModel.swift */; };
		B7BF52812B86720500FE0162 /* LensDetail.swift in Sources */ = {isa = PBXBuildFile; fileRef = B7BF52802B86720500FE0162 /* LensDetail.swift */; };
		B7BF52832B86721F00FE0162 /* Sphere.swift in Sources */ = {isa = PBXBuildFile; fileRef = B7BF52822B86721F00FE0162 /* Sphere.swift */; };
		B7C08EAF2B1CAAB600DD0BE2 /* EE_TrackerApp.swift in Sources */ = {isa = PBXBuildFile; fileRef = B7C08EAE2B1CAAB600DD0BE2 /* EE_TrackerApp.swift */; };
		B7C08EB12B1CAAB600DD0BE2 /* LensDashboardView.swift in Sources */ = {isa = PBXBuildFile; fileRef = B7C08EB02B1CAAB600DD0BE2 /* LensDashboardView.swift */; };
		B7C08EB52B1CAABA00DD0BE2 /* Assets.xcassets in Resources */ = {isa = PBXBuildFile; fileRef = B7C08EB42B1CAABA00DD0BE2 /* Assets.xcassets */; };
		B7C08EB82B1CAABA00DD0BE2 /* Preview Assets.xcassets in Resources */ = {isa = PBXBuildFile; fileRef = B7C08EB72B1CAABA00DD0BE2 /* Preview Assets.xcassets */; };
		B7C08EC02B1CB73C00DD0BE2 /* LensItem.swift in Sources */ = {isa = PBXBuildFile; fileRef = B7C08EBF2B1CB73C00DD0BE2 /* LensItem.swift */; };
		B7E075512B1CE214001ABFE4 /* CircleProgressView.swift in Sources */ = {isa = PBXBuildFile; fileRef = B7E075502B1CE214001ABFE4 /* CircleProgressView.swift */; };
		B7E075532B1D0FF2001ABFE4 /* SettingsView.swift in Sources */ = {isa = PBXBuildFile; fileRef = B7E075522B1D0FF2001ABFE4 /* SettingsView.swift */; };
		B7E075552B1D11B2001ABFE4 /* SettingsViewModel.swift in Sources */ = {isa = PBXBuildFile; fileRef = B7E075542B1D11B2001ABFE4 /* SettingsViewModel.swift */; };
		B7E32D812B2119CD00CA0729 /* LensTrackingView.swift in Sources */ = {isa = PBXBuildFile; fileRef = B7E32D802B2119CD00CA0729 /* LensTrackingView.swift */; };
		B7E32D832B21219C00CA0729 /* LensFormView.swift in Sources */ = {isa = PBXBuildFile; fileRef = B7E32D822B21219B00CA0729 /* LensFormView.swift */; };
		B7E32D892B2519E300CA0729 /* DataSourceModel.swift in Sources */ = {isa = PBXBuildFile; fileRef = B7E32D882B2519E200CA0729 /* DataSourceModel.swift */; };
		B7E32D8B2B2521B700CA0729 /* EyeSide.swift in Sources */ = {isa = PBXBuildFile; fileRef = B7E32D8A2B2521B700CA0729 /* EyeSide.swift */; };
		B7E32D8D2B2521DC00CA0729 /* WearDuration.swift in Sources */ = {isa = PBXBuildFile; fileRef = B7E32D8C2B2521DC00CA0729 /* WearDuration.swift */; };
		B7E32D8F2B2528EA00CA0729 /* SettingsModel.swift in Sources */ = {isa = PBXBuildFile; fileRef = B7E32D8E2B2528EA00CA0729 /* SettingsModel.swift */; };
		B7E32DA02B26058500CA0729 /* PreviewSampleData.swift in Sources */ = {isa = PBXBuildFile; fileRef = B7E32D9F2B26058500CA0729 /* PreviewSampleData.swift */; };
		B7E32DA22B2605AD00CA0729 /* SampleData.swift in Sources */ = {isa = PBXBuildFile; fileRef = B7E32DA12B2605AD00CA0729 /* SampleData.swift */; };
		B7E32DA42B2629A800CA0729 /* LensTrackingTimelineView.swift in Sources */ = {isa = PBXBuildFile; fileRef = B7E32DA32B2629A800CA0729 /* LensTrackingTimelineView.swift */; };
		B7E32DC22B26523D00CA0729 /* AppVersionProvider.swift in Sources */ = {isa = PBXBuildFile; fileRef = B7E32DC12B26523D00CA0729 /* AppVersionProvider.swift */; };
		B7E394152B98A94000113138 /* Date+formatDate.swift in Sources */ = {isa = PBXBuildFile; fileRef = B7E394142B98A94000113138 /* Date+formatDate.swift */; };
		B7FC52412B36713D009BA759 /* Launch Screen.storyboard in Resources */ = {isa = PBXBuildFile; fileRef = B7FC52402B36713D009BA759 /* Launch Screen.storyboard */; };
/* End PBXBuildFile section */

/* Begin PBXContainerItemProxy section */
		B764EC632B73DC850024A166 /* PBXContainerItemProxy */ = {
			isa = PBXContainerItemProxy;
			containerPortal = B7C08EA32B1CAAB500DD0BE2 /* Project object */;
			proxyType = 1;
			remoteGlobalIDString = B764EC542B73DC810024A166;
			remoteInfo = TrackingWidgetExtension;
		};
/* End PBXContainerItemProxy section */

/* Begin PBXCopyFilesBuildPhase section */
		B764EC662B73DC850024A166 /* Embed Foundation Extensions */ = {
			isa = PBXCopyFilesBuildPhase;
			buildActionMask = 2147483647;
			dstPath = "";
			dstSubfolderSpec = 13;
			files = (
				B764EC652B73DC850024A166 /* TrackingWidgetExtension.appex in Embed Foundation Extensions */,
			);
			name = "Embed Foundation Extensions";
			runOnlyForDeploymentPostprocessing = 0;
		};
/* End PBXCopyFilesBuildPhase section */

/* Begin PBXFileReference section */
		B71262BF2B66A049009185EE /* LensSortOrder.swift */ = {isa = PBXFileReference; lastKnownFileType = sourcecode.swift; path = LensSortOrder.swift; sourceTree = "<group>"; };
		B715242F2B97D329005E7A88 /* LensNameFormView.swift */ = {isa = PBXFileReference; lastKnownFileType = sourcecode.swift; path = LensNameFormView.swift; sourceTree = "<group>"; };
		B71524332B97E3C1005E7A88 /* BlankView.swift */ = {isa = PBXFileReference; lastKnownFileType = sourcecode.swift; path = BlankView.swift; sourceTree = "<group>"; };
		B73FA0522B5BC20600BCD9A4 /* LensDetailView.swift */ = {isa = PBXFileReference; lastKnownFileType = sourcecode.swift; path = LensDetailView.swift; sourceTree = "<group>"; };
		B74FA8392B5A84F1001E896F /* LensCarouselView.swift */ = {isa = PBXFileReference; lastKnownFileType = sourcecode.swift; path = LensCarouselView.swift; sourceTree = "<group>"; };
		B74FA83B2B5A946C001E896F /* Bool+Comparable.swift */ = {isa = PBXFileReference; lastKnownFileType = sourcecode.swift; path = "Bool+Comparable.swift"; sourceTree = "<group>"; };
		B760DC4E2B88CCC000C2C025 /* LensDashboardViewModel.swift */ = {isa = PBXFileReference; lastKnownFileType = sourcecode.swift; path = LensDashboardViewModel.swift; sourceTree = "<group>"; };
		B760DC582B95646500C2C025 /* NotificationManager.swift */ = {isa = PBXFileReference; lastKnownFileType = sourcecode.swift; path = NotificationManager.swift; sourceTree = "<group>"; };
		B760DC5C2B959BAB00C2C025 /* AppAppearance.swift */ = {isa = PBXFileReference; lastKnownFileType = sourcecode.swift; path = AppAppearance.swift; sourceTree = "<group>"; };
		B760DC5E2B966EE800C2C025 /* LensTimelineViewModel.swift */ = {isa = PBXFileReference; lastKnownFileType = sourcecode.swift; path = LensTimelineViewModel.swift; sourceTree = "<group>"; };
		B764EC552B73DC810024A166 /* TrackingWidgetExtension.appex */ = {isa = PBXFileReference; explicitFileType = "wrapper.app-extension"; includeInIndex = 0; path = TrackingWidgetExtension.appex; sourceTree = BUILT_PRODUCTS_DIR; };
		B764EC572B73DC810024A166 /* WidgetKit.framework */ = {isa = PBXFileReference; lastKnownFileType = wrapper.framework; name = WidgetKit.framework; path = System/Library/Frameworks/WidgetKit.framework; sourceTree = SDKROOT; };
		B764EC592B73DC810024A166 /* SwiftUI.framework */ = {isa = PBXFileReference; lastKnownFileType = wrapper.framework; name = SwiftUI.framework; path = System/Library/Frameworks/SwiftUI.framework; sourceTree = SDKROOT; };
		B764EC5C2B73DC810024A166 /* TrackingWidgetBundle.swift */ = {isa = PBXFileReference; lastKnownFileType = sourcecode.swift; path = TrackingWidgetBundle.swift; sourceTree = "<group>"; };
		B764EC5E2B73DC810024A166 /* TrackingWidget.swift */ = {isa = PBXFileReference; lastKnownFileType = sourcecode.swift; path = TrackingWidget.swift; sourceTree = "<group>"; };
		B764EC602B73DC850024A166 /* Assets.xcassets */ = {isa = PBXFileReference; lastKnownFileType = folder.assetcatalog; path = Assets.xcassets; sourceTree = "<group>"; };
		B764EC622B73DC850024A166 /* Info.plist */ = {isa = PBXFileReference; lastKnownFileType = text.plist.xml; path = Info.plist; sourceTree = "<group>"; };
		B7BF527E2B865E6200FE0162 /* LensFormViewModel.swift */ = {isa = PBXFileReference; lastKnownFileType = sourcecode.swift; path = LensFormViewModel.swift; sourceTree = "<group>"; };
		B7BF52802B86720500FE0162 /* LensDetail.swift */ = {isa = PBXFileReference; lastKnownFileType = sourcecode.swift; path = LensDetail.swift; sourceTree = "<group>"; };
		B7BF52822B86721F00FE0162 /* Sphere.swift */ = {isa = PBXFileReference; lastKnownFileType = sourcecode.swift; path = Sphere.swift; sourceTree = "<group>"; };
		B7C08EAB2B1CAAB600DD0BE2 /* EE Tracker.app */ = {isa = PBXFileReference; explicitFileType = wrapper.application; includeInIndex = 0; path = "EE Tracker.app"; sourceTree = BUILT_PRODUCTS_DIR; };
		B7C08EAE2B1CAAB600DD0BE2 /* EE_TrackerApp.swift */ = {isa = PBXFileReference; lastKnownFileType = sourcecode.swift; path = EE_TrackerApp.swift; sourceTree = "<group>"; };
		B7C08EB02B1CAAB600DD0BE2 /* LensDashboardView.swift */ = {isa = PBXFileReference; lastKnownFileType = sourcecode.swift; path = LensDashboardView.swift; sourceTree = "<group>"; };
		B7C08EB42B1CAABA00DD0BE2 /* Assets.xcassets */ = {isa = PBXFileReference; lastKnownFileType = folder.assetcatalog; path = Assets.xcassets; sourceTree = "<group>"; };
		B7C08EB72B1CAABA00DD0BE2 /* Preview Assets.xcassets */ = {isa = PBXFileReference; lastKnownFileType = folder.assetcatalog; path = "Preview Assets.xcassets"; sourceTree = "<group>"; };
		B7C08EBF2B1CB73C00DD0BE2 /* LensItem.swift */ = {isa = PBXFileReference; lastKnownFileType = sourcecode.swift; path = LensItem.swift; sourceTree = "<group>"; };
		B7E075502B1CE214001ABFE4 /* CircleProgressView.swift */ = {isa = PBXFileReference; lastKnownFileType = sourcecode.swift; path = CircleProgressView.swift; sourceTree = "<group>"; };
		B7E075522B1D0FF2001ABFE4 /* SettingsView.swift */ = {isa = PBXFileReference; lastKnownFileType = sourcecode.swift; path = SettingsView.swift; sourceTree = "<group>"; };
		B7E075542B1D11B2001ABFE4 /* SettingsViewModel.swift */ = {isa = PBXFileReference; lastKnownFileType = sourcecode.swift; path = SettingsViewModel.swift; sourceTree = "<group>"; };
		B7E32D802B2119CD00CA0729 /* LensTrackingView.swift */ = {isa = PBXFileReference; lastKnownFileType = sourcecode.swift; path = LensTrackingView.swift; sourceTree = "<group>"; };
		B7E32D822B21219B00CA0729 /* LensFormView.swift */ = {isa = PBXFileReference; lastKnownFileType = sourcecode.swift; path = LensFormView.swift; sourceTree = "<group>"; };
		B7E32D882B2519E200CA0729 /* DataSourceModel.swift */ = {isa = PBXFileReference; lastKnownFileType = sourcecode.swift; path = DataSourceModel.swift; sourceTree = "<group>"; };
		B7E32D8A2B2521B700CA0729 /* EyeSide.swift */ = {isa = PBXFileReference; lastKnownFileType = sourcecode.swift; path = EyeSide.swift; sourceTree = "<group>"; };
		B7E32D8C2B2521DC00CA0729 /* WearDuration.swift */ = {isa = PBXFileReference; lastKnownFileType = sourcecode.swift; path = WearDuration.swift; sourceTree = "<group>"; };
		B7E32D8E2B2528EA00CA0729 /* SettingsModel.swift */ = {isa = PBXFileReference; lastKnownFileType = sourcecode.swift; path = SettingsModel.swift; sourceTree = "<group>"; };
		B7E32D9F2B26058500CA0729 /* PreviewSampleData.swift */ = {isa = PBXFileReference; lastKnownFileType = sourcecode.swift; path = PreviewSampleData.swift; sourceTree = "<group>"; };
		B7E32DA12B2605AD00CA0729 /* SampleData.swift */ = {isa = PBXFileReference; lastKnownFileType = sourcecode.swift; path = SampleData.swift; sourceTree = "<group>"; };
		B7E32DA32B2629A800CA0729 /* LensTrackingTimelineView.swift */ = {isa = PBXFileReference; lastKnownFileType = sourcecode.swift; path = LensTrackingTimelineView.swift; sourceTree = "<group>"; };
		B7E32DC12B26523D00CA0729 /* AppVersionProvider.swift */ = {isa = PBXFileReference; lastKnownFileType = sourcecode.swift; path = AppVersionProvider.swift; sourceTree = "<group>"; };
		B7E394142B98A94000113138 /* Date+formatDate.swift */ = {isa = PBXFileReference; lastKnownFileType = sourcecode.swift; path = "Date+formatDate.swift"; sourceTree = "<group>"; };
		B7FC523F2B366E32009BA759 /* EE-Tracker-Info.plist */ = {isa = PBXFileReference; lastKnownFileType = text.plist; path = "EE-Tracker-Info.plist"; sourceTree = SOURCE_ROOT; };
		B7FC52402B36713D009BA759 /* Launch Screen.storyboard */ = {isa = PBXFileReference; lastKnownFileType = file.storyboard; name = "Launch Screen.storyboard"; path = "EE Tracker/Preview Content/Launch Screen.storyboard"; sourceTree = SOURCE_ROOT; };
/* End PBXFileReference section */

/* Begin PBXFrameworksBuildPhase section */
		B764EC522B73DC810024A166 /* Frameworks */ = {
			isa = PBXFrameworksBuildPhase;
			buildActionMask = 2147483647;
			files = (
				B764EC5A2B73DC810024A166 /* SwiftUI.framework in Frameworks */,
				B764EC582B73DC810024A166 /* WidgetKit.framework in Frameworks */,
			);
			runOnlyForDeploymentPostprocessing = 0;
		};
		B7C08EA82B1CAAB600DD0BE2 /* Frameworks */ = {
			isa = PBXFrameworksBuildPhase;
			buildActionMask = 2147483647;
			files = (
			);
			runOnlyForDeploymentPostprocessing = 0;
		};
/* End PBXFrameworksBuildPhase section */

/* Begin PBXGroup section */
		B764EC562B73DC810024A166 /* Frameworks */ = {
			isa = PBXGroup;
			children = (
				B764EC572B73DC810024A166 /* WidgetKit.framework */,
				B764EC592B73DC810024A166 /* SwiftUI.framework */,
			);
			name = Frameworks;
			sourceTree = "<group>";
		};
		B764EC5B2B73DC810024A166 /* TrackingWidget */ = {
			isa = PBXGroup;
			children = (
				B764EC5C2B73DC810024A166 /* TrackingWidgetBundle.swift */,
				B764EC5E2B73DC810024A166 /* TrackingWidget.swift */,
				B764EC602B73DC850024A166 /* Assets.xcassets */,
				B764EC622B73DC850024A166 /* Info.plist */,
			);
			path = TrackingWidget;
			sourceTree = "<group>";
		};
		B7BF52752B865C6A00FE0162 /* Extension */ = {
			isa = PBXGroup;
			children = (
				B74FA83B2B5A946C001E896F /* Bool+Comparable.swift */,
				B7E394142B98A94000113138 /* Date+formatDate.swift */,
			);
			path = Extension;
			sourceTree = "<group>";
		};
		B7BF52762B865C7200FE0162 /* Model */ = {
			isa = PBXGroup;
			children = (
				B7C08EBF2B1CB73C00DD0BE2 /* LensItem.swift */,
				B7BF52802B86720500FE0162 /* LensDetail.swift */,
				B7E32D882B2519E200CA0729 /* DataSourceModel.swift */,
				B7E32D8E2B2528EA00CA0729 /* SettingsModel.swift */,
				B7BF52822B86721F00FE0162 /* Sphere.swift */,
			);
			path = Model;
			sourceTree = "<group>";
		};
		B7BF52772B865C7B00FE0162 /* View */ = {
			isa = PBXGroup;
			children = (
				B7E32D822B21219B00CA0729 /* LensFormView.swift */,
				B7E075522B1D0FF2001ABFE4 /* SettingsView.swift */,
				B7E32D802B2119CD00CA0729 /* LensTrackingView.swift */,
				B7E32DA32B2629A800CA0729 /* LensTrackingTimelineView.swift */,
				B7C08EB02B1CAAB600DD0BE2 /* LensDashboardView.swift */,
				B74FA8392B5A84F1001E896F /* LensCarouselView.swift */,
				B73FA0522B5BC20600BCD9A4 /* LensDetailView.swift */,
				B715242F2B97D329005E7A88 /* LensNameFormView.swift */,
			);
			path = View;
			sourceTree = "<group>";
		};
		B7BF52782B865C7F00FE0162 /* ViewModel */ = {
			isa = PBXGroup;
			children = (
				B7E075542B1D11B2001ABFE4 /* SettingsViewModel.swift */,
				B7BF527E2B865E6200FE0162 /* LensFormViewModel.swift */,
				B760DC4E2B88CCC000C2C025 /* LensDashboardViewModel.swift */,
				B760DC5E2B966EE800C2C025 /* LensTimelineViewModel.swift */,
			);
			path = ViewModel;
			sourceTree = "<group>";
		};
		B7C08EA22B1CAAB500DD0BE2 = {
			isa = PBXGroup;
			children = (
				B7C08EAD2B1CAAB600DD0BE2 /* EE Tracker */,
				B764EC5B2B73DC810024A166 /* TrackingWidget */,
				B764EC562B73DC810024A166 /* Frameworks */,
				B7C08EAC2B1CAAB600DD0BE2 /* Products */,
			);
			sourceTree = "<group>";
		};
		B7C08EAC2B1CAAB600DD0BE2 /* Products */ = {
			isa = PBXGroup;
			children = (
				B7C08EAB2B1CAAB600DD0BE2 /* EE Tracker.app */,
				B764EC552B73DC810024A166 /* TrackingWidgetExtension.appex */,
			);
			name = Products;
			sourceTree = "<group>";
		};
		B7C08EAD2B1CAAB600DD0BE2 /* EE Tracker */ = {
			isa = PBXGroup;
			children = (
				B7BF52782B865C7F00FE0162 /* ViewModel */,
				B7E32D9D2B252BF800CA0729 /* ViewHelpers */,
				B7BF52772B865C7B00FE0162 /* View */,
				B7BF52762B865C7200FE0162 /* Model */,
				B7BF52752B865C6A00FE0162 /* Extension */,
				B7E32D9E2B26055C00CA0729 /* Support */,
				B7FC523F2B366E32009BA759 /* EE-Tracker-Info.plist */,
				B7C08EAE2B1CAAB600DD0BE2 /* EE_TrackerApp.swift */,
				B7C08EB42B1CAABA00DD0BE2 /* Assets.xcassets */,
				B7C08EB62B1CAABA00DD0BE2 /* Preview Content */,
			);
			path = "EE Tracker";
			sourceTree = "<group>";
		};
		B7C08EB62B1CAABA00DD0BE2 /* Preview Content */ = {
			isa = PBXGroup;
			children = (
				B7C08EB72B1CAABA00DD0BE2 /* Preview Assets.xcassets */,
				B7FC52402B36713D009BA759 /* Launch Screen.storyboard */,
			);
			path = "Preview Content";
			sourceTree = "<group>";
		};
		B7E32D9D2B252BF800CA0729 /* ViewHelpers */ = {
			isa = PBXGroup;
			children = (
				B7E075502B1CE214001ABFE4 /* CircleProgressView.swift */,
				B7E32D8A2B2521B700CA0729 /* EyeSide.swift */,
				B7E32D8C2B2521DC00CA0729 /* WearDuration.swift */,
				B71262BF2B66A049009185EE /* LensSortOrder.swift */,
				B71524332B97E3C1005E7A88 /* BlankView.swift */,
			);
			path = ViewHelpers;
			sourceTree = "<group>";
		};
		B7E32D9E2B26055C00CA0729 /* Support */ = {
			isa = PBXGroup;
			children = (
				B760DC582B95646500C2C025 /* NotificationManager.swift */,
				B7E32D9F2B26058500CA0729 /* PreviewSampleData.swift */,
				B7E32DA12B2605AD00CA0729 /* SampleData.swift */,
				B7E32DC12B26523D00CA0729 /* AppVersionProvider.swift */,
				B760DC5C2B959BAB00C2C025 /* AppAppearance.swift */,
			);
			path = Support;
			sourceTree = "<group>";
		};
/* End PBXGroup section */

/* Begin PBXNativeTarget section */
		B764EC542B73DC810024A166 /* TrackingWidgetExtension */ = {
			isa = PBXNativeTarget;
			buildConfigurationList = B764EC692B73DC850024A166 /* Build configuration list for PBXNativeTarget "TrackingWidgetExtension" */;
			buildPhases = (
				B764EC512B73DC810024A166 /* Sources */,
				B764EC522B73DC810024A166 /* Frameworks */,
				B764EC532B73DC810024A166 /* Resources */,
			);
			buildRules = (
			);
			dependencies = (
			);
			name = TrackingWidgetExtension;
			productName = TrackingWidgetExtension;
			productReference = B764EC552B73DC810024A166 /* TrackingWidgetExtension.appex */;
			productType = "com.apple.product-type.app-extension";
		};
		B7C08EAA2B1CAAB600DD0BE2 /* EE Tracker */ = {
			isa = PBXNativeTarget;
			buildConfigurationList = B7C08EBB2B1CAABA00DD0BE2 /* Build configuration list for PBXNativeTarget "EE Tracker" */;
			buildPhases = (
				B7C08EA72B1CAAB600DD0BE2 /* Sources */,
				B7C08EA82B1CAAB600DD0BE2 /* Frameworks */,
				B7C08EA92B1CAAB600DD0BE2 /* Resources */,
				B764EC662B73DC850024A166 /* Embed Foundation Extensions */,
			);
			buildRules = (
			);
			dependencies = (
				B764EC642B73DC850024A166 /* PBXTargetDependency */,
			);
			name = "EE Tracker";
			productName = "EE Tracker";
			productReference = B7C08EAB2B1CAAB600DD0BE2 /* EE Tracker.app */;
			productType = "com.apple.product-type.application";
		};
/* End PBXNativeTarget section */

/* Begin PBXProject section */
		B7C08EA32B1CAAB500DD0BE2 /* Project object */ = {
			isa = PBXProject;
			attributes = {
				BuildIndependentTargetsInParallel = 1;
				LastSwiftUpdateCheck = 1520;
				LastUpgradeCheck = 1500;
				TargetAttributes = {
					B764EC542B73DC810024A166 = {
						CreatedOnToolsVersion = 15.2;
					};
					B7C08EAA2B1CAAB600DD0BE2 = {
						CreatedOnToolsVersion = 15.0.1;
					};
				};
			};
			buildConfigurationList = B7C08EA62B1CAAB500DD0BE2 /* Build configuration list for PBXProject "EE Tracker" */;
			compatibilityVersion = "Xcode 14.0";
			developmentRegion = en;
			hasScannedForEncodings = 0;
			knownRegions = (
				en,
				Base,
			);
			mainGroup = B7C08EA22B1CAAB500DD0BE2;
			productRefGroup = B7C08EAC2B1CAAB600DD0BE2 /* Products */;
			projectDirPath = "";
			projectRoot = "";
			targets = (
				B7C08EAA2B1CAAB600DD0BE2 /* EE Tracker */,
				B764EC542B73DC810024A166 /* TrackingWidgetExtension */,
			);
		};
/* End PBXProject section */

/* Begin PBXResourcesBuildPhase section */
		B764EC532B73DC810024A166 /* Resources */ = {
			isa = PBXResourcesBuildPhase;
			buildActionMask = 2147483647;
			files = (
				B764EC612B73DC850024A166 /* Assets.xcassets in Resources */,
			);
			runOnlyForDeploymentPostprocessing = 0;
		};
		B7C08EA92B1CAAB600DD0BE2 /* Resources */ = {
			isa = PBXResourcesBuildPhase;
			buildActionMask = 2147483647;
			files = (
				B7FC52412B36713D009BA759 /* Launch Screen.storyboard in Resources */,
				B7C08EB82B1CAABA00DD0BE2 /* Preview Assets.xcassets in Resources */,
				B7C08EB52B1CAABA00DD0BE2 /* Assets.xcassets in Resources */,
				B7BF527D2B865D7600FE0162 /* EE-Tracker-Info.plist in Resources */,
			);
			runOnlyForDeploymentPostprocessing = 0;
		};
/* End PBXResourcesBuildPhase section */

/* Begin PBXSourcesBuildPhase section */
		B764EC512B73DC810024A166 /* Sources */ = {
			isa = PBXSourcesBuildPhase;
			buildActionMask = 2147483647;
			files = (
				B764EC5F2B73DC810024A166 /* TrackingWidget.swift in Sources */,
				B764EC5D2B73DC810024A166 /* TrackingWidgetBundle.swift in Sources */,
			);
			runOnlyForDeploymentPostprocessing = 0;
		};
		B7C08EA72B1CAAB600DD0BE2 /* Sources */ = {
			isa = PBXSourcesBuildPhase;
			buildActionMask = 2147483647;
			files = (
				B7E32D8F2B2528EA00CA0729 /* SettingsModel.swift in Sources */,
				B71524342B97E3C1005E7A88 /* BlankView.swift in Sources */,
				B7C08EC02B1CB73C00DD0BE2 /* LensItem.swift in Sources */,
				B7E32D8D2B2521DC00CA0729 /* WearDuration.swift in Sources */,
				B760DC5D2B959BAB00C2C025 /* AppAppearance.swift in Sources */,
				B7BF52832B86721F00FE0162 /* Sphere.swift in Sources */,
				B7C08EB12B1CAAB600DD0BE2 /* LensDashboardView.swift in Sources */,
				B760DC4F2B88CCC000C2C025 /* LensDashboardViewModel.swift in Sources */,
				B7C08EAF2B1CAAB600DD0BE2 /* EE_TrackerApp.swift in Sources */,
				B7E32DC22B26523D00CA0729 /* AppVersionProvider.swift in Sources */,
				B7BF52812B86720500FE0162 /* LensDetail.swift in Sources */,
				B7E32DA22B2605AD00CA0729 /* SampleData.swift in Sources */,
				B71524302B97D329005E7A88 /* LensNameFormView.swift in Sources */,
				B73FA0532B5BC20600BCD9A4 /* LensDetailView.swift in Sources */,
				B7E394152B98A94000113138 /* Date+formatDate.swift in Sources */,
				B7E32DA02B26058500CA0729 /* PreviewSampleData.swift in Sources */,
				B7E075532B1D0FF2001ABFE4 /* SettingsView.swift in Sources */,
				B7E32DA42B2629A800CA0729 /* LensTrackingTimelineView.swift in Sources */,
				B7E32D8B2B2521B700CA0729 /* EyeSide.swift in Sources */,
				B7E32D832B21219C00CA0729 /* LensFormView.swift in Sources */,
				B7E075512B1CE214001ABFE4 /* CircleProgressView.swift in Sources */,
				B74FA83C2B5A946C001E896F /* Bool+Comparable.swift in Sources */,
				B7E075552B1D11B2001ABFE4 /* SettingsViewModel.swift in Sources */,
				B7E32D892B2519E300CA0729 /* DataSourceModel.swift in Sources */,
				B7E32D812B2119CD00CA0729 /* LensTrackingView.swift in Sources */,
				B71262C02B66A049009185EE /* LensSortOrder.swift in Sources */,
				B760DC592B95646500C2C025 /* NotificationManager.swift in Sources */,
				B760DC5F2B966EE800C2C025 /* LensTimelineViewModel.swift in Sources */,
				B7BF527F2B865E6200FE0162 /* LensFormViewModel.swift in Sources */,
				B74FA83A2B5A84F1001E896F /* LensCarouselView.swift in Sources */,
			);
			runOnlyForDeploymentPostprocessing = 0;
		};
/* End PBXSourcesBuildPhase section */

/* Begin PBXTargetDependency section */
		B764EC642B73DC850024A166 /* PBXTargetDependency */ = {
			isa = PBXTargetDependency;
			target = B764EC542B73DC810024A166 /* TrackingWidgetExtension */;
			targetProxy = B764EC632B73DC850024A166 /* PBXContainerItemProxy */;
		};
/* End PBXTargetDependency section */

/* Begin XCBuildConfiguration section */
		B764EC672B73DC850024A166 /* Debug */ = {
			isa = XCBuildConfiguration;
			buildSettings = {
				ASSETCATALOG_COMPILER_GLOBAL_ACCENT_COLOR_NAME = AccentColor;
				ASSETCATALOG_COMPILER_WIDGET_BACKGROUND_COLOR_NAME = WidgetBackground;
				CODE_SIGN_STYLE = Automatic;
				CURRENT_PROJECT_VERSION = 1;
				DEVELOPMENT_TEAM = FNS9H7J227;
				GENERATE_INFOPLIST_FILE = YES;
				INFOPLIST_FILE = TrackingWidget/Info.plist;
				INFOPLIST_KEY_CFBundleDisplayName = TrackingWidget;
				INFOPLIST_KEY_NSHumanReadableCopyright = "";
				IPHONEOS_DEPLOYMENT_TARGET = 17.0;
				LD_RUNPATH_SEARCH_PATHS = (
					"$(inherited)",
					"@executable_path/Frameworks",
					"@executable_path/../../Frameworks",
				);
				MARKETING_VERSION = 1.0;
				PRODUCT_BUNDLE_IDENTIFIER = "com.alture.EE-Tracker.TrackingWidget";
				PRODUCT_NAME = "$(TARGET_NAME)";
				SKIP_INSTALL = YES;
				SWIFT_EMIT_LOC_STRINGS = YES;
				SWIFT_VERSION = 5.0;
				TARGETED_DEVICE_FAMILY = "1,2";
			};
			name = Debug;
		};
		B764EC682B73DC850024A166 /* Release */ = {
			isa = XCBuildConfiguration;
			buildSettings = {
				ASSETCATALOG_COMPILER_GLOBAL_ACCENT_COLOR_NAME = AccentColor;
				ASSETCATALOG_COMPILER_WIDGET_BACKGROUND_COLOR_NAME = WidgetBackground;
				CODE_SIGN_STYLE = Automatic;
				CURRENT_PROJECT_VERSION = 1;
				DEVELOPMENT_TEAM = FNS9H7J227;
				GENERATE_INFOPLIST_FILE = YES;
				INFOPLIST_FILE = TrackingWidget/Info.plist;
				INFOPLIST_KEY_CFBundleDisplayName = TrackingWidget;
				INFOPLIST_KEY_NSHumanReadableCopyright = "";
				IPHONEOS_DEPLOYMENT_TARGET = 17.0;
				LD_RUNPATH_SEARCH_PATHS = (
					"$(inherited)",
					"@executable_path/Frameworks",
					"@executable_path/../../Frameworks",
				);
				MARKETING_VERSION = 1.0;
				PRODUCT_BUNDLE_IDENTIFIER = "com.alture.EE-Tracker.TrackingWidget";
				PRODUCT_NAME = "$(TARGET_NAME)";
				SKIP_INSTALL = YES;
				SWIFT_EMIT_LOC_STRINGS = YES;
				SWIFT_VERSION = 5.0;
				TARGETED_DEVICE_FAMILY = "1,2";
			};
			name = Release;
		};
		B7C08EB92B1CAABA00DD0BE2 /* Debug */ = {
			isa = XCBuildConfiguration;
			buildSettings = {
				ALWAYS_SEARCH_USER_PATHS = NO;
				ASSETCATALOG_COMPILER_GENERATE_SWIFT_ASSET_SYMBOL_EXTENSIONS = YES;
				CLANG_ANALYZER_NONNULL = YES;
				CLANG_ANALYZER_NUMBER_OBJECT_CONVERSION = YES_AGGRESSIVE;
				CLANG_CXX_LANGUAGE_STANDARD = "gnu++20";
				CLANG_ENABLE_MODULES = YES;
				CLANG_ENABLE_OBJC_ARC = YES;
				CLANG_ENABLE_OBJC_WEAK = YES;
				CLANG_WARN_BLOCK_CAPTURE_AUTORELEASING = YES;
				CLANG_WARN_BOOL_CONVERSION = YES;
				CLANG_WARN_COMMA = YES;
				CLANG_WARN_CONSTANT_CONVERSION = YES;
				CLANG_WARN_DEPRECATED_OBJC_IMPLEMENTATIONS = YES;
				CLANG_WARN_DIRECT_OBJC_ISA_USAGE = YES_ERROR;
				CLANG_WARN_DOCUMENTATION_COMMENTS = YES;
				CLANG_WARN_EMPTY_BODY = YES;
				CLANG_WARN_ENUM_CONVERSION = YES;
				CLANG_WARN_INFINITE_RECURSION = YES;
				CLANG_WARN_INT_CONVERSION = YES;
				CLANG_WARN_NON_LITERAL_NULL_CONVERSION = YES;
				CLANG_WARN_OBJC_IMPLICIT_RETAIN_SELF = YES;
				CLANG_WARN_OBJC_LITERAL_CONVERSION = YES;
				CLANG_WARN_OBJC_ROOT_CLASS = YES_ERROR;
				CLANG_WARN_QUOTED_INCLUDE_IN_FRAMEWORK_HEADER = YES;
				CLANG_WARN_RANGE_LOOP_ANALYSIS = YES;
				CLANG_WARN_STRICT_PROTOTYPES = YES;
				CLANG_WARN_SUSPICIOUS_MOVE = YES;
				CLANG_WARN_UNGUARDED_AVAILABILITY = YES_AGGRESSIVE;
				CLANG_WARN_UNREACHABLE_CODE = YES;
				CLANG_WARN__DUPLICATE_METHOD_MATCH = YES;
				COPY_PHASE_STRIP = NO;
				DEBUG_INFORMATION_FORMAT = dwarf;
				ENABLE_STRICT_OBJC_MSGSEND = YES;
				ENABLE_TESTABILITY = YES;
				ENABLE_USER_SCRIPT_SANDBOXING = YES;
				GCC_C_LANGUAGE_STANDARD = gnu17;
				GCC_DYNAMIC_NO_PIC = NO;
				GCC_NO_COMMON_BLOCKS = YES;
				GCC_OPTIMIZATION_LEVEL = 0;
				GCC_PREPROCESSOR_DEFINITIONS = (
					"DEBUG=1",
					"$(inherited)",
				);
				GCC_WARN_64_TO_32_BIT_CONVERSION = YES;
				GCC_WARN_ABOUT_RETURN_TYPE = YES_ERROR;
				GCC_WARN_UNDECLARED_SELECTOR = YES;
				GCC_WARN_UNINITIALIZED_AUTOS = YES_AGGRESSIVE;
				GCC_WARN_UNUSED_FUNCTION = YES;
				GCC_WARN_UNUSED_VARIABLE = YES;
				IPHONEOS_DEPLOYMENT_TARGET = 17.0;
				LOCALIZATION_PREFERS_STRING_CATALOGS = YES;
				MTL_ENABLE_DEBUG_INFO = INCLUDE_SOURCE;
				MTL_FAST_MATH = YES;
				ONLY_ACTIVE_ARCH = YES;
				SDKROOT = iphoneos;
				SWIFT_ACTIVE_COMPILATION_CONDITIONS = "DEBUG $(inherited)";
				SWIFT_OPTIMIZATION_LEVEL = "-Onone";
			};
			name = Debug;
		};
		B7C08EBA2B1CAABA00DD0BE2 /* Release */ = {
			isa = XCBuildConfiguration;
			buildSettings = {
				ALWAYS_SEARCH_USER_PATHS = NO;
				ASSETCATALOG_COMPILER_GENERATE_SWIFT_ASSET_SYMBOL_EXTENSIONS = YES;
				CLANG_ANALYZER_NONNULL = YES;
				CLANG_ANALYZER_NUMBER_OBJECT_CONVERSION = YES_AGGRESSIVE;
				CLANG_CXX_LANGUAGE_STANDARD = "gnu++20";
				CLANG_ENABLE_MODULES = YES;
				CLANG_ENABLE_OBJC_ARC = YES;
				CLANG_ENABLE_OBJC_WEAK = YES;
				CLANG_WARN_BLOCK_CAPTURE_AUTORELEASING = YES;
				CLANG_WARN_BOOL_CONVERSION = YES;
				CLANG_WARN_COMMA = YES;
				CLANG_WARN_CONSTANT_CONVERSION = YES;
				CLANG_WARN_DEPRECATED_OBJC_IMPLEMENTATIONS = YES;
				CLANG_WARN_DIRECT_OBJC_ISA_USAGE = YES_ERROR;
				CLANG_WARN_DOCUMENTATION_COMMENTS = YES;
				CLANG_WARN_EMPTY_BODY = YES;
				CLANG_WARN_ENUM_CONVERSION = YES;
				CLANG_WARN_INFINITE_RECURSION = YES;
				CLANG_WARN_INT_CONVERSION = YES;
				CLANG_WARN_NON_LITERAL_NULL_CONVERSION = YES;
				CLANG_WARN_OBJC_IMPLICIT_RETAIN_SELF = YES;
				CLANG_WARN_OBJC_LITERAL_CONVERSION = YES;
				CLANG_WARN_OBJC_ROOT_CLASS = YES_ERROR;
				CLANG_WARN_QUOTED_INCLUDE_IN_FRAMEWORK_HEADER = YES;
				CLANG_WARN_RANGE_LOOP_ANALYSIS = YES;
				CLANG_WARN_STRICT_PROTOTYPES = YES;
				CLANG_WARN_SUSPICIOUS_MOVE = YES;
				CLANG_WARN_UNGUARDED_AVAILABILITY = YES_AGGRESSIVE;
				CLANG_WARN_UNREACHABLE_CODE = YES;
				CLANG_WARN__DUPLICATE_METHOD_MATCH = YES;
				COPY_PHASE_STRIP = NO;
				DEBUG_INFORMATION_FORMAT = "dwarf-with-dsym";
				ENABLE_NS_ASSERTIONS = NO;
				ENABLE_STRICT_OBJC_MSGSEND = YES;
				ENABLE_USER_SCRIPT_SANDBOXING = YES;
				GCC_C_LANGUAGE_STANDARD = gnu17;
				GCC_NO_COMMON_BLOCKS = YES;
				GCC_WARN_64_TO_32_BIT_CONVERSION = YES;
				GCC_WARN_ABOUT_RETURN_TYPE = YES_ERROR;
				GCC_WARN_UNDECLARED_SELECTOR = YES;
				GCC_WARN_UNINITIALIZED_AUTOS = YES_AGGRESSIVE;
				GCC_WARN_UNUSED_FUNCTION = YES;
				GCC_WARN_UNUSED_VARIABLE = YES;
				IPHONEOS_DEPLOYMENT_TARGET = 17.0;
				LOCALIZATION_PREFERS_STRING_CATALOGS = YES;
				MTL_ENABLE_DEBUG_INFO = NO;
				MTL_FAST_MATH = YES;
				SDKROOT = iphoneos;
				SWIFT_COMPILATION_MODE = wholemodule;
				VALIDATE_PRODUCT = YES;
			};
			name = Release;
		};
		B7C08EBC2B1CAABA00DD0BE2 /* Debug */ = {
			isa = XCBuildConfiguration;
			buildSettings = {
				ALWAYS_EMBED_SWIFT_STANDARD_LIBRARIES = YES;
				ASSETCATALOG_COMPILER_APPICON_NAME = AppIcon;
				ASSETCATALOG_COMPILER_GLOBAL_ACCENT_COLOR_NAME = AccentColor;
				CODE_SIGN_STYLE = Automatic;
				CURRENT_PROJECT_VERSION = 1;
				DEVELOPMENT_ASSET_PATHS = "\"EE Tracker/Preview Content\"";
				DEVELOPMENT_TEAM = FNS9H7J227;
				ENABLE_PREVIEWS = YES;
				GENERATE_INFOPLIST_FILE = YES;
				INFOPLIST_FILE = "EE-Tracker-Info.plist";
				INFOPLIST_KEY_UIApplicationSceneManifest_Generation = YES;
				INFOPLIST_KEY_UIApplicationSupportsIndirectInputEvents = YES;
				INFOPLIST_KEY_UILaunchStoryboardName = "Launch Screen.storyboard";
				INFOPLIST_KEY_UISupportedInterfaceOrientations = UIInterfaceOrientationPortrait;
				INFOPLIST_KEY_UISupportedInterfaceOrientations_iPad = "UIInterfaceOrientationPortrait UIInterfaceOrientationPortraitUpsideDown";
				LD_RUNPATH_SEARCH_PATHS = (
					"$(inherited)",
					"@executable_path/Frameworks",
				);
				MARKETING_VERSION = 1.0;
				PRODUCT_BUNDLE_IDENTIFIER = "com.alture.EE-Tracker";
				PRODUCT_NAME = "$(TARGET_NAME)";
				SUPPORTED_PLATFORMS = "iphoneos iphonesimulator";
				SUPPORTS_MACCATALYST = NO;
				SUPPORTS_MAC_DESIGNED_FOR_IPHONE_IPAD = NO;
				SUPPORTS_XR_DESIGNED_FOR_IPHONE_IPAD = NO;
				SWIFT_EMIT_LOC_STRINGS = YES;
				SWIFT_VERSION = 5.0;
				TARGETED_DEVICE_FAMILY = "1,2";
			};
			name = Debug;
		};
		B7C08EBD2B1CAABA00DD0BE2 /* Release */ = {
			isa = XCBuildConfiguration;
			buildSettings = {
				ALWAYS_EMBED_SWIFT_STANDARD_LIBRARIES = YES;
				ASSETCATALOG_COMPILER_APPICON_NAME = AppIcon;
				ASSETCATALOG_COMPILER_GLOBAL_ACCENT_COLOR_NAME = AccentColor;
				CODE_SIGN_STYLE = Automatic;
				CURRENT_PROJECT_VERSION = 1;
				DEVELOPMENT_ASSET_PATHS = "\"EE Tracker/Preview Content\"";
				DEVELOPMENT_TEAM = FNS9H7J227;
				ENABLE_PREVIEWS = YES;
				GENERATE_INFOPLIST_FILE = YES;
				INFOPLIST_FILE = "EE-Tracker-Info.plist";
				INFOPLIST_KEY_UIApplicationSceneManifest_Generation = YES;
				INFOPLIST_KEY_UIApplicationSupportsIndirectInputEvents = YES;
				INFOPLIST_KEY_UILaunchStoryboardName = "Launch Screen.storyboard";
				INFOPLIST_KEY_UISupportedInterfaceOrientations = UIInterfaceOrientationPortrait;
				INFOPLIST_KEY_UISupportedInterfaceOrientations_iPad = "UIInterfaceOrientationPortrait UIInterfaceOrientationPortraitUpsideDown";
				LD_RUNPATH_SEARCH_PATHS = (
					"$(inherited)",
					"@executable_path/Frameworks",
				);
				MARKETING_VERSION = 1.0;
				PRODUCT_BUNDLE_IDENTIFIER = "com.alture.EE-Tracker";
				PRODUCT_NAME = "$(TARGET_NAME)";
				SUPPORTED_PLATFORMS = "iphoneos iphonesimulator";
				SUPPORTS_MACCATALYST = NO;
				SUPPORTS_MAC_DESIGNED_FOR_IPHONE_IPAD = NO;
				SUPPORTS_XR_DESIGNED_FOR_IPHONE_IPAD = NO;
				SWIFT_EMIT_LOC_STRINGS = YES;
				SWIFT_VERSION = 5.0;
				TARGETED_DEVICE_FAMILY = "1,2";
			};
			name = Release;
		};
/* End XCBuildConfiguration section */

/* Begin XCConfigurationList section */
		B764EC692B73DC850024A166 /* Build configuration list for PBXNativeTarget "TrackingWidgetExtension" */ = {
			isa = XCConfigurationList;
			buildConfigurations = (
				B764EC672B73DC850024A166 /* Debug */,
				B764EC682B73DC850024A166 /* Release */,
			);
			defaultConfigurationIsVisible = 0;
			defaultConfigurationName = Release;
		};
		B7C08EA62B1CAAB500DD0BE2 /* Build configuration list for PBXProject "EE Tracker" */ = {
			isa = XCConfigurationList;
			buildConfigurations = (
				B7C08EB92B1CAABA00DD0BE2 /* Debug */,
				B7C08EBA2B1CAABA00DD0BE2 /* Release */,
			);
			defaultConfigurationIsVisible = 0;
			defaultConfigurationName = Release;
		};
		B7C08EBB2B1CAABA00DD0BE2 /* Build configuration list for PBXNativeTarget "EE Tracker" */ = {
			isa = XCConfigurationList;
			buildConfigurations = (
				B7C08EBC2B1CAABA00DD0BE2 /* Debug */,
				B7C08EBD2B1CAABA00DD0BE2 /* Release */,
			);
			defaultConfigurationIsVisible = 0;
			defaultConfigurationName = Release;
		};
/* End XCConfigurationList section */
	};
	rootObject = B7C08EA32B1CAAB500DD0BE2 /* Project object */;
}
